Microsoft Visual Studio Solution File, Format Version 12.00
# Visual Studio Version 17
VisualStudioVersion = 17.13.35919.96
MinimumVisualStudioVersion = 10.0.40219.1
Project("{FAE04EC0-301F-11D3-BF4B-00C04F79EFBC}") = "ADAtickets.ApiService", "ADAtickets.ApiService\ADAtickets.ApiService.csproj", "{C83B3A11-EDE2-4707-BED3-2A4E79045D79}"
EndProject
Project("{FAE04EC0-301F-11D3-BF4B-00C04F79EFBC}") = "ADAtickets.ApiService.Tests", "ADAtickets.ApiService.Tests\ADAtickets.ApiService.Tests.csproj", "{725A83B0-F2C0-4265-9140-90E6607C92E7}"
EndProject
Project("{2150E333-8FDC-42A3-9474-1A3956D46DE8}") = "Solution Items", "Solution Items", "{8EC462FD-D22E-90A8-E5CE-7E832BA40C5D}"
	ProjectSection(SolutionItems) = preProject
		docker-compose.override-prod.yml = docker-compose.override-prod.yml
		docker-compose.override.yml = docker-compose.override.yml
		docker-compose.yml = docker-compose.yml
		VERSION = VERSION
	EndProjectSection
EndProject
Project("{FAE04EC0-301F-11D3-BF4B-00C04F79EFBC}") = "ADAtickets.Web", "ADAtickets.Web\ADAtickets.Web.csproj", "{2CDBE3C1-9FAE-4B29-870B-4B5E86F641CD}"
EndProject
Project("{FAE04EC0-301F-11D3-BF4B-00C04F79EFBC}") = "ADAtickets.Installer", "ADAtickets.Installer\ADAtickets.Installer.csproj", "{FBD821FF-45BD-45EA-820E-EC36E6CBF36C}"
EndProject
Project("{FAE04EC0-301F-11D3-BF4B-00C04F79EFBC}") = "ADAtickets.Installer.Desktop", "ADAtickets.Installer.Desktop\ADAtickets.Installer.Desktop.csproj", "{0608649A-1108-E4C5-9B73-A0CA0D3C3B46}"
EndProject
Global
	GlobalSection(SolutionConfigurationPlatforms) = preSolution
		Debug|Any CPU = Debug|Any CPU
		Release|Any CPU = Release|Any CPU
	EndGlobalSection
	GlobalSection(ProjectConfigurationPlatforms) = postSolution
		{C83B3A11-EDE2-4707-BED3-2A4E79045D79}.Debug|Any CPU.ActiveCfg = Debug|Any CPU
		{C83B3A11-EDE2-4707-BED3-2A4E79045D79}.Debug|Any CPU.Build.0 = Debug|Any CPU
		{C83B3A11-EDE2-4707-BED3-2A4E79045D79}.Release|Any CPU.ActiveCfg = Release|Any CPU
		{C83B3A11-EDE2-4707-BED3-2A4E79045D79}.Release|Any CPU.Build.0 = Release|Any CPU
		{725A83B0-F2C0-4265-9140-90E6607C92E7}.Debug|Any CPU.ActiveCfg = Debug|Any CPU
		{725A83B0-F2C0-4265-9140-90E6607C92E7}.Debug|Any CPU.Build.0 = Debug|Any CPU
		{725A83B0-F2C0-4265-9140-90E6607C92E7}.Release|Any CPU.ActiveCfg = Release|Any CPU
		{725A83B0-F2C0-4265-9140-90E6607C92E7}.Release|Any CPU.Build.0 = Release|Any CPU
		{2CDBE3C1-9FAE-4B29-870B-4B5E86F641CD}.Debug|Any CPU.ActiveCfg = Debug|Any CPU
		{2CDBE3C1-9FAE-4B29-870B-4B5E86F641CD}.Debug|Any CPU.Build.0 = Debug|Any CPU
		{2CDBE3C1-9FAE-4B29-870B-4B5E86F641CD}.Release|Any CPU.ActiveCfg = Release|Any CPU
		{2CDBE3C1-9FAE-4B29-870B-4B5E86F641CD}.Release|Any CPU.Build.0 = Release|Any CPU
		{FBD821FF-45BD-45EA-820E-EC36E6CBF36C}.Debug|Any CPU.ActiveCfg = Debug|Any CPU
		{FBD821FF-45BD-45EA-820E-EC36E6CBF36C}.Debug|Any CPU.Build.0 = Debug|Any CPU
		{FBD821FF-45BD-45EA-820E-EC36E6CBF36C}.Release|Any CPU.ActiveCfg = Release|Any CPU
		{FBD821FF-45BD-45EA-820E-EC36E6CBF36C}.Release|Any CPU.Build.0 = Release|Any CPU
		{0608649A-1108-E4C5-9B73-A0CA0D3C3B46}.Debug|Any CPU.ActiveCfg = Debug|Any CPU
		{0608649A-1108-E4C5-9B73-A0CA0D3C3B46}.Debug|Any CPU.Build.0 = Debug|Any CPU
		{0608649A-1108-E4C5-9B73-A0CA0D3C3B46}.Release|Any CPU.ActiveCfg = Release|Any CPU
		{0608649A-1108-E4C5-9B73-A0CA0D3C3B46}.Release|Any CPU.Build.0 = Release|Any CPU
	EndGlobalSection
	GlobalSection(SolutionProperties) = preSolution
		HideSolutionNode = FALSE
	EndGlobalSection
	GlobalSection(ExtensibilityGlobals) = postSolution
		SolutionGuid = {48AD34CD-2600-4D0A-A087-5CAB1112BDB5}
	EndGlobalSection
EndGlobal
