{
  "version": 1,
  "dependencies": {
    "net9.0": {
      "EFCore.NamingConventions": {
        "type": "Direct",
        "requested": "[9.0.0, )",
        "resolved": "9.0.0",
        "contentHash": "heKIYzPdEWx+Ba4xuG6jfEssW9rEi7I0lX38eoN7wo7qgg9uw7nn8UEmDQfwGEYPzSDpetCVANnDr5tqt2Asjg==",
        "dependencies": {
          "Microsoft.EntityFrameworkCore": "[9.0.0, 10.0.0)",
          "Microsoft.EntityFrameworkCore.Relational": "[9.0.0, 10.0.0)",
          "Microsoft.Extensions.DependencyInjection.Abstractions": "9.0.0"
        }
      },
      "Microsoft.AspNetCore.Authentication.JwtBearer": {
        "type": "Direct",
        "requested": "[9.0.4, )",
        "resolved": "9.0.4",
        "contentHash": "0HgfWPfnjlzWFbW4pw6FYNuIMV8obVU+MUkiZ33g4UOpvZcmdWzdayfheKPZ5+EUly8SvfgW0dJwwIrW4IVLZQ==",
        "dependencies": {
          "Microsoft.IdentityModel.Protocols.OpenIdConnect": "8.0.1"
        }
      },
      "Microsoft.AspNetCore.Authentication.OpenIdConnect": {
        "type": "Direct",
        "requested": "[9.0.4, )",
        "resolved": "9.0.4",
        "contentHash": "WQ/CshpuJSNjXKjVYJNRSzhbEp1C/tsiYOw4BnUQ0UmL5M5MCqNetuD/HrBVKo0kxO22uY2I+hg1aWKNh8n1Rg==",
        "dependencies": {
          "Microsoft.IdentityModel.Protocols.OpenIdConnect": "8.0.1"
        }
      },
      "Microsoft.AspNetCore.OpenApi": {
        "type": "Direct",
        "requested": "[9.0.4, )",
        "resolved": "9.0.4",
        "contentHash": "GfZWPbZz1aAtEO3wGCkpeyRc0gzr/+VRHnUgY/YjqVPDlHbeKWCXw3IxKarQdo9myC2O1QBf652Mo50QqbXYRg==",
        "dependencies": {
          "Microsoft.OpenApi": "1.6.17"
        }
      },
      "Microsoft.EntityFrameworkCore.Design": {
        "type": "Direct",
        "requested": "[9.0.4, )",
        "resolved": "9.0.4",
        "contentHash": "0NdtmsbYfMr2HyF+W6L+kPaHJl1nAmFjWj0MfI5G+CFeWZxDwltQxzzwSmZQ4QhS5z8zjczGXwHZ8e3iFaoiXA==",
        "dependencies": {
          "Humanizer.Core": "2.14.1",
          "Microsoft.Build.Framework": "17.8.3",
          "Microsoft.Build.Locator": "1.7.8",
          "Microsoft.CodeAnalysis.CSharp": "4.8.0",
          "Microsoft.CodeAnalysis.CSharp.Workspaces": "4.8.0",
          "Microsoft.CodeAnalysis.Workspaces.MSBuild": "4.8.0",
          "Microsoft.EntityFrameworkCore.Relational": "9.0.4",
          "Microsoft.Extensions.Caching.Memory": "9.0.4",
          "Microsoft.Extensions.Configuration.Abstractions": "9.0.4",
          "Microsoft.Extensions.DependencyModel": "9.0.4",
          "Microsoft.Extensions.Logging": "9.0.4",
          "Mono.TextTemplating": "3.0.0",
          "System.Text.Json": "9.0.4"
        }
      },
      "Microsoft.Identity.Web": {
        "type": "Direct",
        "requested": "[3.8.3, )",
        "resolved": "3.8.3",
        "contentHash": "K3nV6lprd/XSwK33vAc0Hz5GSGJ7sdkaT9ozigpW2j8LU8Yg4LknpOVtqUXhGh+YhJHOWdyzhUHnV9ztL80aWQ==",
        "dependencies": {
          "Microsoft.Identity.Web.Certificate": "3.8.3",
          "Microsoft.Identity.Web.Certificateless": "3.8.3",
          "Microsoft.Identity.Web.TokenAcquisition": "3.8.3",
          "Microsoft.Identity.Web.TokenCache": "3.8.3",
          "Microsoft.IdentityModel.Protocols.OpenIdConnect": "8.8.0",
          "Microsoft.IdentityModel.Validators": "8.8.0",
          "System.Formats.Asn1": "9.0.0",
          "System.IdentityModel.Tokens.Jwt": "8.8.0",
          "System.Text.Json": "9.0.0"
        }
      },
      "Microsoft.Identity.Web.DownstreamApi": {
        "type": "Direct",
        "requested": "[3.8.3, )",
        "resolved": "3.8.3",
        "contentHash": "R6SlFLbyjsJImNGZx8Wgmh3LOaMYXsrVTb8QXQwR3P4aYi0tUBV9zMKAdAcEAecl6U9S4TySn9fD3zBj+1RwJA==",
        "dependencies": {
          "Microsoft.Extensions.Options.ConfigurationExtensions": "9.0.0",
          "Microsoft.Identity.Web.TokenAcquisition": "3.8.3"
        }
      },
      "Npgsql.EntityFrameworkCore.PostgreSQL": {
        "type": "Direct",
        "requested": "[9.0.4, )",
        "resolved": "9.0.4",
        "contentHash": "mw5vcY2IEc7L+IeGrxpp/J5OSnCcjkjAgJYCm/eD52wpZze8zsSifdqV7zXslSMmfJG2iIUGZyo3KuDtEFKwMQ==",
        "dependencies": {
          "Microsoft.EntityFrameworkCore": "[9.0.1, 10.0.0)",
          "Microsoft.EntityFrameworkCore.Relational": "[9.0.1, 10.0.0)",
          "Npgsql": "9.0.3"
        }
      },
      "Azure.Core": {
        "type": "Transitive",
        "resolved": "1.38.0",
        "contentHash": "IuEgCoVA0ef7E4pQtpC3+TkPbzaoQfa77HlfJDmfuaJUCVJmn7fT0izamZiryW5sYUFKizsftIxMkXKbgIcPMQ==",
        "dependencies": {
          "Microsoft.Bcl.AsyncInterfaces": "1.1.1",
          "System.ClientModel": "1.0.0",
          "System.Diagnostics.DiagnosticSource": "6.0.1",
          "System.Memory.Data": "1.0.2",
          "System.Numerics.Vectors": "4.5.0",
          "System.Text.Encodings.Web": "4.7.2",
          "System.Text.Json": "4.7.2",
          "System.Threading.Tasks.Extensions": "4.5.4"
        }
      },
      "Azure.Identity": {
        "type": "Transitive",
        "resolved": "1.11.4",
        "contentHash": "Sf4BoE6Q3jTgFkgBkx7qztYOFELBCo+wQgpYDwal/qJ1unBH73ywPztIJKXBXORRzAeNijsuxhk94h0TIMvfYg==",
        "dependencies": {
          "Azure.Core": "1.38.0",
          "Microsoft.Identity.Client": "4.61.3",
          "Microsoft.Identity.Client.Extensions.Msal": "4.61.3",
          "System.Memory": "4.5.4",
          "System.Security.Cryptography.ProtectedData": "4.7.0",
          "System.Text.Json": "4.7.2",
          "System.Threading.Tasks.Extensions": "4.5.4"
        }
      },
      "Azure.Security.KeyVault.Certificates": {
        "type": "Transitive",
        "resolved": "4.6.0",
        "contentHash": "e2ATU/n2ZDL/S8A8EdrcfKEvKc2BojCrrSpmM+JKnrSTQS32x/W0Ldu8utk+epLKwXvSJRSWtlgdo7X8hG1mCg==",
        "dependencies": {
          "Azure.Core": "1.37.0",
          "System.Memory": "4.5.4",
          "System.Text.Json": "4.7.2",
          "System.Threading.Tasks.Extensions": "4.5.4"
        }
      },
      "Azure.Security.KeyVault.Secrets": {
        "type": "Transitive",
        "resolved": "4.6.0",
        "contentHash": "vwPceoznuT6glvirZcXlaCQrh1uzTSxpZUi2hRFNumHiS3hVyqIXI5fgWiLtlBzwqPJMTr0flUoSvGKjXXQlfg==",
        "dependencies": {
          "Azure.Core": "1.37.0",
          "System.Memory": "4.5.4",
          "System.Text.Json": "4.7.2",
          "System.Threading.Tasks.Extensions": "4.5.4"
        }
      },
      "Humanizer.Core": {
        "type": "Transitive",
        "resolved": "2.14.1",
        "contentHash": "lQKvtaTDOXnoVJ20ibTuSIOf2i0uO0MPbDhd1jm238I+U/2ZnRENj0cktKZhtchBMtCUSRQ5v4xBCUbKNmyVMw=="
      },
      "Microsoft.AspNetCore.Cryptography.Internal": {
        "type": "Transitive",
        "resolved": "9.0.0",
        "contentHash": "M1dzTEl+2+RqT4vWcqEpWasPXHd58wC93U7QMlmPSmx+qixyVxCQjZ183wr7Wa68b4pF7wC501MU9rdA0ZNhMg=="
      },
      "Microsoft.AspNetCore.DataProtection": {
        "type": "Transitive",
        "resolved": "9.0.0",
        "contentHash": "mrhTnqMHkaVmaNZOWobg7ior5BELrlC5dC2r3FMVwT0bfOlonOe76B83e3D98Cl/zR5Szhfok2BQmkw6xDvHfg==",
        "dependencies": {
          "Microsoft.AspNetCore.Cryptography.Internal": "9.0.0",
          "Microsoft.AspNetCore.DataProtection.Abstractions": "9.0.0",
          "Microsoft.Extensions.DependencyInjection.Abstractions": "9.0.0",
          "Microsoft.Extensions.Hosting.Abstractions": "9.0.0",
          "Microsoft.Extensions.Logging.Abstractions": "9.0.0",
          "Microsoft.Extensions.Options": "9.0.0",
          "System.Security.Cryptography.Xml": "9.0.0"
        }
      },
      "Microsoft.AspNetCore.DataProtection.Abstractions": {
        "type": "Transitive",
        "resolved": "9.0.0",
        "contentHash": "o7JVGMXofZ4IuQdyoL0eKC1GnNmviZt2aI7CGHnQjqbz9hIrYim3DUfCKpvKaVzLWfzfgmwaXNg8Zx7fFQaBbA=="
      },
      "Microsoft.Bcl.AsyncInterfaces": {
        "type": "Transitive",
        "resolved": "7.0.0",
        "contentHash": "3aeMZ1N0lJoSyzqiP03hqemtb1BijhsJADdobn/4nsMJ8V1H+CrpuduUe4hlRdx+ikBQju1VGjMD1GJ3Sk05Eg=="
      },
      "Microsoft.Build.Framework": {
        "type": "Transitive",
        "resolved": "17.8.3",
        "contentHash": "NrQZJW8TlKVPx72yltGb8SVz3P5mNRk9fNiD/ao8jRSk48WqIIdCn99q4IjlVmPcruuQ+yLdjNQLL8Rb4c916g=="
      },
      "Microsoft.Build.Locator": {
        "type": "Transitive",
        "resolved": "1.7.8",
        "contentHash": "sPy10x527Ph16S2u0yGME4S6ohBKJ69WfjeGG/bvELYeZVmJdKjxgnlL8cJJJLGV/cZIRqSfB12UDB8ICakOog=="
      },
      "Microsoft.CodeAnalysis.Analyzers": {
        "type": "Transitive",
        "resolved": "3.3.4",
        "contentHash": "AxkxcPR+rheX0SmvpLVIGLhOUXAKG56a64kV9VQZ4y9gR9ZmPXnqZvHJnmwLSwzrEP6junUF11vuc+aqo5r68g=="
      },
      "Microsoft.CodeAnalysis.Common": {
        "type": "Transitive",
        "resolved": "4.8.0",
        "contentHash": "/jR+e/9aT+BApoQJABlVCKnnggGQbvGh7BKq2/wI1LamxC+LbzhcLj4Vj7gXCofl1n4E521YfF9w0WcASGg/KA==",
        "dependencies": {
          "Microsoft.CodeAnalysis.Analyzers": "3.3.4",
          "System.Collections.Immutable": "7.0.0",
          "System.Reflection.Metadata": "7.0.0",
          "System.Runtime.CompilerServices.Unsafe": "6.0.0"
        }
      },
      "Microsoft.CodeAnalysis.CSharp": {
        "type": "Transitive",
        "resolved": "4.8.0",
        "contentHash": "+3+qfdb/aaGD8PZRCrsdobbzGs1m9u119SkkJt8e/mk3xLJz/udLtS2T6nY27OTXxBBw10HzAbC8Z9w08VyP/g==",
        "dependencies": {
          "Microsoft.CodeAnalysis.Common": "[4.8.0]"
        }
      },
      "Microsoft.CodeAnalysis.CSharp.Workspaces": {
        "type": "Transitive",
        "resolved": "4.8.0",
        "contentHash": "3amm4tq4Lo8/BGvg9p3BJh3S9nKq2wqCXfS7138i69TUpo/bD+XvD0hNurpEBtcNZhi1FyutiomKJqVF39ugYA==",
        "dependencies": {
          "Humanizer.Core": "2.14.1",
          "Microsoft.CodeAnalysis.CSharp": "[4.8.0]",
          "Microsoft.CodeAnalysis.Common": "[4.8.0]",
          "Microsoft.CodeAnalysis.Workspaces.Common": "[4.8.0]"
        }
      },
      "Microsoft.CodeAnalysis.Workspaces.Common": {
        "type": "Transitive",
        "resolved": "4.8.0",
        "contentHash": "LXyV+MJKsKRu3FGJA3OmSk40OUIa/dQCFLOnm5X8MNcujx7hzGu8o+zjXlb/cy5xUdZK2UKYb9YaQ2E8m9QehQ==",
        "dependencies": {
          "Humanizer.Core": "2.14.1",
          "Microsoft.Bcl.AsyncInterfaces": "7.0.0",
          "Microsoft.CodeAnalysis.Common": "[4.8.0]",
          "System.Composition": "7.0.0",
          "System.IO.Pipelines": "7.0.0",
          "System.Threading.Channels": "7.0.0"
        }
      },
      "Microsoft.CodeAnalysis.Workspaces.MSBuild": {
        "type": "Transitive",
        "resolved": "4.8.0",
        "contentHash": "IEYreI82QZKklp54yPHxZNG9EKSK6nHEkeuf+0Asie9llgS1gp0V1hw7ODG+QyoB7MuAnNQHmeV1Per/ECpv6A==",
        "dependencies": {
          "Microsoft.Build.Framework": "16.10.0",
          "Microsoft.CodeAnalysis.Common": "[4.8.0]",
          "Microsoft.CodeAnalysis.Workspaces.Common": "[4.8.0]",
          "System.Text.Json": "7.0.3"
        }
      },
      "Microsoft.EntityFrameworkCore": {
        "type": "Transitive",
        "resolved": "9.0.4",
        "contentHash": "+5IAX0aicQYCRfN4pAjad+JPwdEYoVEM3Z1Cl8/EiEv3FVHQHdd8TJQpQIslQDDQS/UsUMb0MsOXwqOh+TJtRw==",
        "dependencies": {
          "Microsoft.EntityFrameworkCore.Abstractions": "9.0.4",
          "Microsoft.EntityFrameworkCore.Analyzers": "9.0.4",
          "Microsoft.Extensions.Caching.Memory": "9.0.4",
          "Microsoft.Extensions.Logging": "9.0.4"
        }
      },
      "Microsoft.EntityFrameworkCore.Abstractions": {
        "type": "Transitive",
        "resolved": "9.0.4",
        "contentHash": "E0pkWzI0liqu2ogqJ1kohk2eGkYRhf5tI75HGF6IQDARsshY/0w+prGyLvNuUeV7B8I7vYQZ4CzAKYKxw7b9gQ=="
      },
      "Microsoft.EntityFrameworkCore.Analyzers": {
        "type": "Transitive",
        "resolved": "9.0.4",
        "contentHash": "cMsm1O7g9X5qbB2wjHf3BVVvGwkG+zeXQ+M91I1Bm6RfylFMImqBPzs0+vmuef7fPxr2yOzPhIfJ2wQJfmtaSw=="
      },
      "Microsoft.EntityFrameworkCore.Relational": {
        "type": "Transitive",
        "resolved": "9.0.4",
        "contentHash": "OjJ+xh/wQff5b0wiC3SPvoQqTA2boZeJQf+15+3+OJPtjBKzvxuwr25QRIu1p1t+K8ryQ8pzaoZ7eOpXfNzVGA==",
        "dependencies": {
          "Microsoft.EntityFrameworkCore": "9.0.4",
          "Microsoft.Extensions.Caching.Memory": "9.0.4",
          "Microsoft.Extensions.Configuration.Abstractions": "9.0.4",
          "Microsoft.Extensions.Logging": "9.0.4"
        }
      },
      "Microsoft.Extensions.AmbientMetadata.Application": {
        "type": "Transitive",
        "resolved": "9.4.0",
        "contentHash": "zcjQBbp4whM4nxWmMg4P8JxTikB0dVxjKWHrGiz+6WVBgRctq9tSZgpbl/ywz06N+ZLzlooeWQOYgbpEOXOUYQ==",
        "dependencies": {
          "Microsoft.Extensions.Configuration": "9.0.4",
          "Microsoft.Extensions.Hosting.Abstractions": "9.0.4",
          "Microsoft.Extensions.Options.ConfigurationExtensions": "9.0.4"
        }
      },
      "Microsoft.Extensions.Caching.Abstractions": {
        "type": "Transitive",
        "resolved": "9.0.4",
        "contentHash": "imcZ5BGhBw5mNsWLepBbqqumWaFe0GtvyCvne2/2wsDIBRa2+Lhx4cU/pKt/4BwOizzUEOls2k1eOJQXHGMalg==",
        "dependencies": {
          "Microsoft.Extensions.Primitives": "9.0.4"
        }
      },
      "Microsoft.Extensions.Caching.Memory": {
        "type": "Transitive",
        "resolved": "9.0.4",
        "contentHash": "G5rEq1Qez5VJDTEyRsRUnewAspKjaY57VGsdZ8g8Ja6sXXzoiI3PpTd1t43HjHqNWD5A06MQveb2lscn+2CU+w==",
        "dependencies": {
          "Microsoft.Extensions.Caching.Abstractions": "9.0.4",
          "Microsoft.Extensions.DependencyInjection.Abstractions": "9.0.4",
          "Microsoft.Extensions.Logging.Abstractions": "9.0.4",
          "Microsoft.Extensions.Options": "9.0.4",
          "Microsoft.Extensions.Primitives": "9.0.4"
        }
      },
      "Microsoft.Extensions.Compliance.Abstractions": {
        "type": "Transitive",
        "resolved": "9.4.0",
        "contentHash": "jDYE/o2Y/s9Tz896whtMEEUgCHPLSlzRXPRD6v2J1lJxnuuRcWIZ6ASJi6jSI4e9hbkpFTx8LtsL4CNB6bYbaQ==",
        "dependencies": {
          "Microsoft.Extensions.DependencyInjection.Abstractions": "9.0.4",
          "Microsoft.Extensions.ObjectPool": "9.0.4"
        }
      },
      "Microsoft.Extensions.Configuration": {
        "type": "Transitive",
        "resolved": "9.0.4",
        "contentHash": "KIVBrMbItnCJDd1RF4KEaE8jZwDJcDUJW5zXpbwQ05HNYTK1GveHxHK0B3SjgDJuR48GRACXAO+BLhL8h34S7g==",
        "dependencies": {
          "Microsoft.Extensions.Configuration.Abstractions": "9.0.4",
          "Microsoft.Extensions.Primitives": "9.0.4"
        }
      },
      "Microsoft.Extensions.Configuration.Abstractions": {
        "type": "Transitive",
        "resolved": "9.0.4",
        "contentHash": "0LN/DiIKvBrkqp7gkF3qhGIeZk6/B63PthAHjQsxymJfIBcz0kbf4/p/t4lMgggVxZ+flRi5xvTwlpPOoZk8fg==",
        "dependencies": {
          "Microsoft.Extensions.Primitives": "9.0.4"
        }
      },
      "Microsoft.Extensions.Configuration.Binder": {
        "type": "Transitive",
        "resolved": "9.0.4",
        "contentHash": "cdrjcl9RIcwt3ECbnpP0Gt1+pkjdW90mq5yFYy8D9qRj2NqFFcv3yDp141iEamsd9E218sGxK8WHaIOcrqgDJg==",
        "dependencies": {
          "Microsoft.Extensions.Configuration.Abstractions": "9.0.4"
        }
      },
      "Microsoft.Extensions.DependencyInjection": {
        "type": "Transitive",
        "resolved": "9.0.4",
        "contentHash": "f2MTUaS2EQ3lX4325ytPAISZqgBfXmY0WvgD80ji6Z20AoDNiCESxsqo6mFRwHJD/jfVKRw9FsW6+86gNre3ug==",
        "dependencies": {
          "Microsoft.Extensions.DependencyInjection.Abstractions": "9.0.4"
        }
      },
      "Microsoft.Extensions.DependencyInjection.Abstractions": {
        "type": "Transitive",
        "resolved": "9.0.4",
        "contentHash": "UI0TQPVkS78bFdjkTodmkH0Fe8lXv9LnhGFKgKrsgUJ5a5FVdFRcgjIkBVLbGgdRhxWirxH/8IXUtEyYJx6GQg=="
      },
      "Microsoft.Extensions.DependencyInjection.AutoActivation": {
        "type": "Transitive",
        "resolved": "9.4.0",
        "contentHash": "dg2VeBxiwqAszJkMRQT1k1jefeTneN+M8v/EkWwebR9OvLXzykP9CVE2+bWMuPvXIdHM04/ffWgo5Bl+0jKi/Q==",
        "dependencies": {
          "Microsoft.Extensions.Hosting.Abstractions": "9.0.4"
        }
      },
      "Microsoft.Extensions.DependencyModel": {
        "type": "Transitive",
        "resolved": "9.0.4",
        "contentHash": "ACtnvl3H3M/f8Z42980JxsNu7V9PPbzys4vBs83ZewnsgKd7JeYK18OMPo0g+MxAHrpgMrjmlinXDiaSRPcVnA=="
      },
      "Microsoft.Extensions.Diagnostics": {
        "type": "Transitive",
        "resolved": "9.0.4",
        "contentHash": "1bCSQrGv9+bpF5MGKF6THbnRFUZqQDrWPA39NDeVW9djeHBmow8kX4SX6/8KkeKI8gmUDG7jsG/bVuNAcY/ATQ==",
        "dependencies": {
          "Microsoft.Extensions.Configuration": "9.0.4",
          "Microsoft.Extensions.Diagnostics.Abstractions": "9.0.4",
          "Microsoft.Extensions.Options.ConfigurationExtensions": "9.0.4"
        }
      },
      "Microsoft.Extensions.Diagnostics.Abstractions": {
        "type": "Transitive",
        "resolved": "9.0.4",
        "contentHash": "IAucBcHYtiCmMyFag+Vrp5m+cjGRlDttJk9Vx7Dqpq+Ama4BzVUOk0JARQakgFFr7ZTBSgLKlHmtY5MiItB7Cg==",
        "dependencies": {
          "Microsoft.Extensions.DependencyInjection.Abstractions": "9.0.4",
          "Microsoft.Extensions.Options": "9.0.4"
        }
      },
      "Microsoft.Extensions.Diagnostics.ExceptionSummarization": {
        "type": "Transitive",
        "resolved": "9.4.0",
        "contentHash": "Ht5TQmWfYh7cbZTPTTWAUkgQmJhDg1JINvXSnxutx1sfZL1gkk1OXoF0Uh2383FLk9cm4le/cWfdgDslFeVigA==",
        "dependencies": {
          "Microsoft.Extensions.DependencyInjection.Abstractions": "9.0.4"
        }
      },
      "Microsoft.Extensions.Features": {
        "type": "Transitive",
        "resolved": "8.0.15",
        "contentHash": "QUBxyUDGAyHppX5lDgE5XogfQ9fFtm3o4Un8cb46OMinto5hgYfKj3zZTR68QHAqKIM1iOoO6qrh1UbHUZkDQw=="
      },
      "Microsoft.Extensions.FileProviders.Abstractions": {
        "type": "Transitive",
        "resolved": "9.0.4",
        "contentHash": "gQN2o/KnBfVk6Bd71E2YsvO5lsqrqHmaepDGk+FB/C4aiQY9B0XKKNKfl5/TqcNOs9OEithm4opiMHAErMFyEw==",
        "dependencies": {
          "Microsoft.Extensions.Primitives": "9.0.4"
        }
      },
      "Microsoft.Extensions.Hosting.Abstractions": {
        "type": "Transitive",
        "resolved": "9.0.4",
        "contentHash": "bXkwRPMo4x19YKH6/V9XotU7KYQJlihXhcWO1RDclAY3yfY3XNg4QtSEBvng4kK/DnboE0O/nwSl+6Jiv9P+FA==",
        "dependencies": {
          "Microsoft.Extensions.Configuration.Abstractions": "9.0.4",
          "Microsoft.Extensions.DependencyInjection.Abstractions": "9.0.4",
          "Microsoft.Extensions.Diagnostics.Abstractions": "9.0.4",
          "Microsoft.Extensions.FileProviders.Abstractions": "9.0.4",
          "Microsoft.Extensions.Logging.Abstractions": "9.0.4"
        }
      },
      "Microsoft.Extensions.Http": {
        "type": "Transitive",
        "resolved": "9.0.4",
        "contentHash": "ezelU6HJgmq4862YoWuEbHGSV+JnfnonTSbNSJVh6n6wDehyiJn4hBtcK7rGbf2KO3QeSvK5y8E7uzn1oaRH5w==",
        "dependencies": {
          "Microsoft.Extensions.Configuration.Abstractions": "9.0.4",
          "Microsoft.Extensions.DependencyInjection.Abstractions": "9.0.4",
          "Microsoft.Extensions.Diagnostics": "9.0.4",
          "Microsoft.Extensions.Logging": "9.0.4",
          "Microsoft.Extensions.Logging.Abstractions": "9.0.4",
          "Microsoft.Extensions.Options": "9.0.4"
        }
      },
      "Microsoft.Extensions.Http.Diagnostics": {
        "type": "Transitive",
        "resolved": "9.4.0",
        "contentHash": "LaYz7FDkJ/uh5PYOTFvhQBndvgrtpjDSLiuDO2JGYcgA75uU7QXiMDHI/RmS4LzvJUkadPgXKxquTkhPotTw9Q==",
        "dependencies": {
          "Microsoft.Extensions.DependencyInjection.AutoActivation": "9.4.0",
          "Microsoft.Extensions.Http": "9.0.4",
          "Microsoft.Extensions.Options.ConfigurationExtensions": "9.0.4",
          "Microsoft.Extensions.Telemetry": "9.4.0",
          "System.IO.Pipelines": "9.0.4"
        }
      },
      "Microsoft.Extensions.Http.Resilience": {
        "type": "Transitive",
        "resolved": "9.4.0",
        "contentHash": "sml3XlyLrAnxYFTn96KaHzrzcnbkSZpxWzDffE9qs3QXloLepOa0nUjsgvhDg9InCNrd/KAuRLUzE6LCPa7r/g==",
        "dependencies": {
          "Microsoft.Extensions.Configuration.Binder": "9.0.4",
          "Microsoft.Extensions.Http.Diagnostics": "9.4.0",
          "Microsoft.Extensions.ObjectPool": "9.0.4",
          "Microsoft.Extensions.Resilience": "9.4.0"
        }
      },
      "Microsoft.Extensions.Logging": {
        "type": "Transitive",
        "resolved": "9.0.4",
        "contentHash": "xW6QPYsqhbuWBO9/1oA43g/XPKbohJx+7G8FLQgQXIriYvY7s+gxr2wjQJfRoPO900dvvv2vVH7wZovG+M1m6w==",
        "dependencies": {
          "Microsoft.Extensions.DependencyInjection": "9.0.4",
          "Microsoft.Extensions.Logging.Abstractions": "9.0.4",
          "Microsoft.Extensions.Options": "9.0.4"
        }
      },
      "Microsoft.Extensions.Logging.Abstractions": {
        "type": "Transitive",
        "resolved": "9.0.4",
        "contentHash": "0MXlimU4Dud6t+iNi5NEz3dO2w1HXdhoOLaYFuLPCjAsvlPQGwOT6V2KZRMLEhCAm/stSZt1AUv0XmDdkjvtbw==",
        "dependencies": {
          "Microsoft.Extensions.DependencyInjection.Abstractions": "9.0.4"
        }
      },
      "Microsoft.Extensions.Logging.Configuration": {
        "type": "Transitive",
        "resolved": "9.0.4",
        "contentHash": "/kF+rSnoo3/nIwGzWsR4RgBnoTOdZ3lzz2qFRyp/GgaNid4j6hOAQrs/O+QHXhlcAdZxjg37MvtIE+pAvIgi9g==",
        "dependencies": {
          "Microsoft.Extensions.Configuration": "9.0.4",
          "Microsoft.Extensions.Configuration.Abstractions": "9.0.4",
          "Microsoft.Extensions.Configuration.Binder": "9.0.4",
          "Microsoft.Extensions.DependencyInjection.Abstractions": "9.0.4",
          "Microsoft.Extensions.Logging": "9.0.4",
          "Microsoft.Extensions.Logging.Abstractions": "9.0.4",
          "Microsoft.Extensions.Options": "9.0.4",
          "Microsoft.Extensions.Options.ConfigurationExtensions": "9.0.4"
        }
      },
      "Microsoft.Extensions.ObjectPool": {
        "type": "Transitive",
        "resolved": "9.0.4",
        "contentHash": "G7p1k2xVZ+2aVANz0JdSiafr+AHDHeS1kF8+Y0ABbIsByd0erOL59IDXBs9vcdJf3pPV/murO0mbtr4k40QxWw=="
      },
      "Microsoft.Extensions.Options": {
        "type": "Transitive",
        "resolved": "9.0.4",
        "contentHash": "fiFI2+58kicqVZyt/6obqoFwHiab7LC4FkQ3mmiBJ28Yy4fAvy2+v9MRnSvvlOO8chTOjKsdafFl/K9veCPo5g==",
        "dependencies": {
          "Microsoft.Extensions.DependencyInjection.Abstractions": "9.0.4",
          "Microsoft.Extensions.Primitives": "9.0.4"
        }
      },
      "Microsoft.Extensions.Options.ConfigurationExtensions": {
        "type": "Transitive",
        "resolved": "9.0.4",
        "contentHash": "aridVhAT3Ep+vsirR1pzjaOw0Jwiob6dc73VFQn2XmDfBA2X98M8YKO1GarvsXRX7gX1Aj+hj2ijMzrMHDOm0A==",
        "dependencies": {
          "Microsoft.Extensions.Configuration.Abstractions": "9.0.4",
          "Microsoft.Extensions.Configuration.Binder": "9.0.4",
          "Microsoft.Extensions.DependencyInjection.Abstractions": "9.0.4",
          "Microsoft.Extensions.Options": "9.0.4",
          "Microsoft.Extensions.Primitives": "9.0.4"
        }
      },
      "Microsoft.Extensions.Primitives": {
        "type": "Transitive",
        "resolved": "9.0.4",
        "contentHash": "SPFyMjyku1nqTFFJ928JAMd0QnRe4xjE7KeKnZMWXf3xk+6e0WiOZAluYtLdbJUXtsl2cCRSi8cBquJ408k8RA=="
      },
      "Microsoft.Extensions.Resilience": {
        "type": "Transitive",
        "resolved": "9.4.0",
        "contentHash": "Xb3zb0x+2O8jGJIysLTqD7Pd9uWDepPX8kUuojE0wZkGK5FztT0nxEHvYcmbICmRRNlFFDEd0dLgBWBPOSHWoA==",
        "dependencies": {
          "Microsoft.Extensions.Diagnostics": "9.0.4",
          "Microsoft.Extensions.Diagnostics.ExceptionSummarization": "9.4.0",
          "Microsoft.Extensions.Options.ConfigurationExtensions": "9.0.4",
          "Microsoft.Extensions.Telemetry.Abstractions": "9.4.0",
          "Polly.Extensions": "8.4.2",
          "Polly.RateLimiting": "8.4.2"
        }
      },
      "Microsoft.Extensions.ServiceDiscovery": {
        "type": "Transitive",
        "resolved": "9.2.0",
        "contentHash": "Q6GfOYRhYT3R0isqYu/5kF8d4Dc93H3Wsv5lKL8VGt6kd8uRxad2i6FODkLUkjFGq+c8CoKWMWaQ5mFRy349lw==",
        "dependencies": {
          "Microsoft.Extensions.Configuration.Abstractions": "8.0.0",
          "Microsoft.Extensions.Configuration.Binder": "8.0.2",
          "Microsoft.Extensions.DependencyInjection.Abstractions": "8.0.2",
          "Microsoft.Extensions.Features": "8.0.15",
          "Microsoft.Extensions.Http": "8.0.1",
          "Microsoft.Extensions.Logging.Abstractions": "8.0.3",
          "Microsoft.Extensions.Options": "8.0.2",
          "Microsoft.Extensions.Primitives": "8.0.0",
          "Microsoft.Extensions.ServiceDiscovery.Abstractions": "9.2.0"
        }
      },
      "Microsoft.Extensions.ServiceDiscovery.Abstractions": {
        "type": "Transitive",
        "resolved": "9.2.0",
        "contentHash": "ChoY/eMUnlgmcyty2+aMbCLLpuh2o3IamCjIyek6F3gIUXiuajzgoREA4EihmCXXAOd9rK5Ll56hVbiOV6cxqw==",
        "dependencies": {
          "Microsoft.Extensions.Configuration.Abstractions": "8.0.0",
          "Microsoft.Extensions.Configuration.Binder": "8.0.2",
          "Microsoft.Extensions.DependencyInjection.Abstractions": "8.0.2",
          "Microsoft.Extensions.Features": "8.0.15",
          "Microsoft.Extensions.Logging.Abstractions": "8.0.3",
          "Microsoft.Extensions.Options": "8.0.2",
          "Microsoft.Extensions.Primitives": "8.0.0"
        }
      },
      "Microsoft.Extensions.Telemetry": {
        "type": "Transitive",
        "resolved": "9.4.0",
        "contentHash": "Ax7GV4I2/BaiaAax+Yo1yjn2LYdw6FJP6gwCIcRMknu61iLZw8rZNx4tMz5JCGXj2ZO937NOwMcCrGN+wLB6NA==",
        "dependencies": {
          "Microsoft.Extensions.AmbientMetadata.Application": "9.4.0",
          "Microsoft.Extensions.DependencyInjection.AutoActivation": "9.4.0",
          "Microsoft.Extensions.Logging.Configuration": "9.0.4",
          "Microsoft.Extensions.ObjectPool": "9.0.4",
          "Microsoft.Extensions.Telemetry.Abstractions": "9.4.0"
        }
      },
      "Microsoft.Extensions.Telemetry.Abstractions": {
        "type": "Transitive",
        "resolved": "9.4.0",
        "contentHash": "QoXTK3gaW1f/1Ms2NDkKmAc+IW/yMsBTTqxphiGL4AfZNKoh8Ie7srDOaMuhInm5/Qq0xEAkIafC53v1xt7wMQ==",
        "dependencies": {
          "Microsoft.Extensions.Compliance.Abstractions": "9.4.0",
          "Microsoft.Extensions.Logging.Abstractions": "9.0.4",
          "Microsoft.Extensions.ObjectPool": "9.0.4",
          "Microsoft.Extensions.Options": "9.0.4"
        }
      },
      "Microsoft.Identity.Abstractions": {
        "type": "Transitive",
        "resolved": "9.0.0",
        "contentHash": "lqv0+unc21hwpl/UuPl1H278KarYE5x/+rzejg9I/LNKSqDx7uN4pK87ctkYEDZtg/VN1AejHGvHDwoss1OB2g=="
      },
      "Microsoft.Identity.Client": {
        "type": "Transitive",
        "resolved": "4.70.1",
        "contentHash": "kF80oiTQ/tMIIZ96zOxsd/mM1htYjIDYQENz/UdQq9aa45G1y/4u0TvX9PBrjXk1bH0N8h2jyzNJ6aD27nLsmw==",
        "dependencies": {
          "Microsoft.IdentityModel.Abstractions": "6.35.0",
          "System.Diagnostics.DiagnosticSource": "6.0.1"
        }
      },
      "Microsoft.Identity.Client.Extensions.Msal": {
        "type": "Transitive",
        "resolved": "4.61.3",
        "contentHash": "PWnJcznrSGr25MN8ajlc2XIDW4zCFu0U6FkpaNLEWLgd1NgFCp5uDY3mqLDgM8zCN8hqj8yo5wHYfLB2HjcdGw==",
        "dependencies": {
          "Microsoft.Identity.Client": "4.61.3",
          "System.Security.Cryptography.ProtectedData": "4.5.0"
        }
      },
      "Microsoft.Identity.Web.Certificate": {
        "type": "Transitive",
        "resolved": "3.8.3",
        "contentHash": "oIwOzAopbte3+saWTr0ojD+L0WS4axDtr80gJtF1Kx0MbG21lep1db0v9ddEnGUrlZjHh87CUji84QNsBX7+aA==",
        "dependencies": {
          "Azure.Identity": "1.11.4",
          "Azure.Security.KeyVault.Certificates": "4.6.0",
          "Azure.Security.KeyVault.Secrets": "4.6.0",
          "Microsoft.Extensions.Logging.Abstractions": "9.0.0",
          "Microsoft.Identity.Abstractions": "9.0.0",
          "Microsoft.Identity.Web.Certificateless": "3.8.3",
          "Microsoft.Identity.Web.Diagnostics": "3.8.3",
          "System.Text.Json": "9.0.0"
        }
      },
      "Microsoft.Identity.Web.Certificateless": {
        "type": "Transitive",
        "resolved": "3.8.3",
        "contentHash": "K0upN0LijxIDyjAEq1ujN/XLGNbcnjIUR1T+HS9lcN1cRsiOdU5MVJib0SsRRyyJZW8wLLmBW7u0ar65GGlXWA==",
        "dependencies": {
          "Microsoft.Extensions.Logging.Abstractions": "2.1.0",
          "Microsoft.Identity.Client": "4.70.1",
          "Microsoft.IdentityModel.JsonWebTokens": "8.8.0",
          "System.Text.Json": "8.0.5"
        }
      },
      "Microsoft.Identity.Web.Diagnostics": {
        "type": "Transitive",
        "resolved": "3.8.3",
        "contentHash": "N0plsAa8HKXVsB1dkRK/sPMLWEyqUlxUbJ0Kk+RZ5b/AY6JWdZUKe7VfpdX/GUXXl+Q+dy+DzboypbhIcxPQAw=="
      },
      "Microsoft.Identity.Web.TokenAcquisition": {
        "type": "Transitive",
        "resolved": "3.8.3",
        "contentHash": "u0gExzNL8YpxVrPe0ldFn1a6zcj75s4ukLcVgUwMFJvnb7E9N+byaFMBR/sDtypA/saizDVmsVJfzJI1nVa/ow==",
        "dependencies": {
          "Microsoft.AspNetCore.Authentication.JwtBearer": "9.0.0",
          "Microsoft.AspNetCore.Authentication.OpenIdConnect": "9.0.0",
          "Microsoft.Extensions.Options.ConfigurationExtensions": "9.0.0",
          "Microsoft.Identity.Abstractions": "9.0.0",
          "Microsoft.Identity.Web.Certificate": "3.8.3",
          "Microsoft.Identity.Web.Certificateless": "3.8.3",
          "Microsoft.Identity.Web.TokenCache": "3.8.3",
          "Microsoft.IdentityModel.Logging": "8.8.0",
          "Microsoft.IdentityModel.LoggingExtensions": "8.8.0",
          "Microsoft.IdentityModel.Protocols.OpenIdConnect": "8.8.0",
          "System.IdentityModel.Tokens.Jwt": "8.8.0"
        }
      },
      "Microsoft.Identity.Web.TokenCache": {
        "type": "Transitive",
        "resolved": "3.8.3",
        "contentHash": "Wv/7I655gEEcOsdoT6ueWulc8+mvb7Fje3arOctS4dzDb/CKb2rq0deW2NrZAj25sj2nHvhEvMrXTxHioltSHA==",
        "dependencies": {
          "Microsoft.AspNetCore.DataProtection": "9.0.0",
          "Microsoft.Extensions.Caching.Memory": "9.0.0",
          "Microsoft.Extensions.Logging": "9.0.0",
          "Microsoft.Identity.Client": "4.70.1",
          "Microsoft.Identity.Web.Diagnostics": "3.8.3",
          "System.Formats.Asn1": "9.0.0",
          "System.Security.Cryptography.Pkcs": "9.0.0",
          "System.Security.Cryptography.Xml": "9.0.0"
        }
      },
      "Microsoft.IdentityModel.Abstractions": {
        "type": "Transitive",
        "resolved": "8.8.0",
        "contentHash": "0lKw+f3vkmV9t3PLe6sY3xPrYrHYiMRFxuOse5CMkKPxhQYiabpfJsuk6wX2RrVQ86Dn+t/8poHpH0nbp6sFvA=="
      },
      "Microsoft.IdentityModel.JsonWebTokens": {
        "type": "Transitive",
        "resolved": "8.8.0",
        "contentHash": "lepOkZZTMfJCPSnWITXxV+4Wxb54g+9oIybs9YovlOzZWuR1i2DOpzaDgSe+piDJaGtnSrcUlcB9fZ5Swur7Uw==",
        "dependencies": {
          "Microsoft.IdentityModel.Tokens": "8.8.0"
        }
      },
      "Microsoft.IdentityModel.Logging": {
        "type": "Transitive",
        "resolved": "8.8.0",
        "contentHash": "sUyoxzg/WBZobbFLJK8loT9IILKtS9ePmWu5B11ogQqhSHppE6SRZKw0fhI6Fd16X6ey52cbbWc2rvMBC98EQA==",
        "dependencies": {
          "Microsoft.IdentityModel.Abstractions": "8.8.0"
        }
      },
      "Microsoft.IdentityModel.LoggingExtensions": {
        "type": "Transitive",
        "resolved": "8.8.0",
        "contentHash": "wEnYC0sfeOi1enaiobvW4Cd9iZU8TQXy+865IOIPkoL4+pMdnS69e3mgQrq5NWfjUyJ3K3k1PFXmn80A/zflNw==",
        "dependencies": {
          "Microsoft.Extensions.Logging.Abstractions": "2.1.1",
          "Microsoft.IdentityModel.Abstractions": "8.8.0"
        }
      },
      "Microsoft.IdentityModel.Protocols": {
        "type": "Transitive",
        "resolved": "8.8.0",
        "contentHash": "Hr/Eoh48nbSAKt4K52R5Sc34rzlDoSNAjmI5uWqCRZwYDSx64m8f0EZ2LOhW8j4PBLY4ud43xRln406ACZ4SSw==",
        "dependencies": {
          "Microsoft.IdentityModel.Tokens": "8.8.0"
        }
      },
      "Microsoft.IdentityModel.Protocols.OpenIdConnect": {
        "type": "Transitive",
        "resolved": "8.8.0",
        "contentHash": "bSlRyHuZqG1vDZTqsSFE+t2yNIpgVsDBqu1lLhMiFPBnsXz3YUk/OScAveSQDtq4pd37+aIdNJv6EPvN4Cn0Kg==",
        "dependencies": {
          "Microsoft.IdentityModel.Protocols": "8.8.0",
          "System.IdentityModel.Tokens.Jwt": "8.8.0"
        }
      },
      "Microsoft.IdentityModel.Tokens": {
        "type": "Transitive",
        "resolved": "8.8.0",
        "contentHash": "09hnbUJh/18gUmu5nCVFMvyzAFC4l1qyc4bwSJaKzUBqHN7aNDwmSx8dE3/MMJImbvnKq9rEtkkgnrS/OUBtjA==",
        "dependencies": {
          "Microsoft.Extensions.Logging.Abstractions": "8.0.2",
          "Microsoft.IdentityModel.Logging": "8.8.0"
        }
      },
      "Microsoft.IdentityModel.Validators": {
        "type": "Transitive",
        "resolved": "8.8.0",
        "contentHash": "7NXbp8/D0ve0gZe4TxcRkRjtZjDzzPRuyjN57a4Jq8x6bFXdwKjhuMt3as7eimUnUMFHk/GxvhtBw4FbaOUlJw==",
        "dependencies": {
          "Microsoft.IdentityModel.Protocols": "8.8.0",
          "Microsoft.IdentityModel.Protocols.OpenIdConnect": "8.8.0",
          "Microsoft.IdentityModel.Tokens": "8.8.0",
          "System.IdentityModel.Tokens.Jwt": "8.8.0"
        }
      },
      "Microsoft.OpenApi": {
        "type": "Transitive",
        "resolved": "1.6.17",
        "contentHash": "Le+kehlmrlQfuDFUt1zZ2dVwrhFQtKREdKBo+rexOwaCoYP0/qpgT9tLxCsZjsgR5Itk1UKPcbgO+FyaNid/bA=="
      },
      "Mono.TextTemplating": {
        "type": "Transitive",
        "resolved": "3.0.0",
        "contentHash": "YqueG52R/Xej4VVbKuRIodjiAhV0HR/XVbLbNrJhCZnzjnSjgMJ/dCdV0akQQxavX6hp/LC6rqLGLcXeQYU7XA==",
        "dependencies": {
          "System.CodeDom": "6.0.0"
        }
      },
      "Npgsql": {
        "type": "Transitive",
        "resolved": "9.0.3",
        "contentHash": "tPvY61CxOAWxNsKLEBg+oR646X4Bc8UmyQ/tJszL/7mEmIXQnnBhVJZrZEEUv0Bstu0mEsHZD5At3EO8zQRAYw==",
        "dependencies": {
          "Microsoft.Extensions.Logging.Abstractions": "8.0.2"
        }
      },
      "OpenTelemetry": {
        "type": "Transitive",
        "resolved": "1.11.2",
        "contentHash": "FwonkaCVW8M9DLTHmAeJ+znsQCeOVvF4vSBworyq6f55RJB62LFmK7h7SG2aNERTknxP5RoGSwGOBPcVEgC07w==",
        "dependencies": {
          "Microsoft.Extensions.Diagnostics.Abstractions": "9.0.0",
          "Microsoft.Extensions.Logging.Configuration": "9.0.0",
          "OpenTelemetry.Api.ProviderBuilderExtensions": "1.11.2"
        }
      },
      "OpenTelemetry.Api": {
        "type": "Transitive",
        "resolved": "1.11.2",
        "contentHash": "jgSd/FvtxPPc6nLaZnFj+bulHM2iQjy+NBCY5MbQjH6vkW/SfcXD9NMP3pKCmdF+SbZpgL+EoLQc+PmcnYYLlA==",
        "dependencies": {
          "System.Diagnostics.DiagnosticSource": "9.0.0"
        }
      },
      "OpenTelemetry.Api.ProviderBuilderExtensions": {
        "type": "Transitive",
        "resolved": "1.11.2",
        "contentHash": "Y1aag4WT9f3rF8jQWwub5DsFVXpM/5NQsfYg6lmsNQrtJ6TcRqQu2PubcHXeIX2N6TA7XF3ffQAgeJklsSLeoQ==",
        "dependencies": {
          "Microsoft.Extensions.DependencyInjection.Abstractions": "9.0.0",
          "OpenTelemetry.Api": "1.11.2"
        }
      },
      "OpenTelemetry.Exporter.OpenTelemetryProtocol": {
        "type": "Transitive",
        "resolved": "1.11.2",
        "contentHash": "37dQ85HHU+szAJY9ePSSXl5TNQp7iZm4Q+Dr9gQ8kOyJiHk7xsQUSjZrFA0Mzu74Jmi2WWPZ4p13BCcHXzFolg==",
        "dependencies": {
          "OpenTelemetry": "1.11.2"
        }
      },
      "OpenTelemetry.Extensions.Hosting": {
        "type": "Transitive",
        "resolved": "1.11.2",
        "contentHash": "X0SZcZM9nv7+/WreH3q5McgxeaLBwN3ohsH/R58uAKeiuieqDxoAVFyQSQaRkpkrqIZSTTab6NHDQXglIreG0Q==",
        "dependencies": {
          "Microsoft.Extensions.Hosting.Abstractions": "9.0.0",
          "OpenTelemetry": "1.11.2"
        }
      },
      "OpenTelemetry.Instrumentation.AspNetCore": {
        "type": "Transitive",
        "resolved": "1.11.1",
        "contentHash": "KAzLOcCGi6TviuJWx0+QSgjVCrEnWDayN3aFSHoKzINPx/Tfwd9MIePUUDXQ+xHzrwon8IfExIDT1+UyIf3hoA==",
        "dependencies": {
          "OpenTelemetry.Api.ProviderBuilderExtensions": "[1.11.2, 2.0.0)"
        }
      },
      "OpenTelemetry.Instrumentation.Http": {
        "type": "Transitive",
        "resolved": "1.11.1",
        "contentHash": "hyZ3H8HxtQPvipBPdkN6tJWSCvY06XVyLbKlHuJlPrlV/lQJ/QuEBKYTXqcSa21LE/Th4HV+Choxi8eTu74xyw==",
        "dependencies": {
          "Microsoft.Extensions.Configuration": "9.0.0",
          "Microsoft.Extensions.Options": "9.0.0",
          "OpenTelemetry.Api.ProviderBuilderExtensions": "[1.11.2, 2.0.0)"
        }
      },
      "OpenTelemetry.Instrumentation.Runtime": {
        "type": "Transitive",
        "resolved": "1.11.1",
        "contentHash": "fSAeBd8SEiWGAeCV9+p4y3QaUEn+1qOhp+VEOAEIQl2lh2j5rUM0sPRiI6PBhPjmWRn+Cm6heqXx5dsQTpBBXw==",
        "dependencies": {
          "OpenTelemetry.Api": "[1.11.2, 2.0.0)"
        }
      },
      "Polly.Core": {
        "type": "Transitive",
        "resolved": "8.4.2",
        "contentHash": "BpE2I6HBYYA5tF0Vn4eoQOGYTYIK1BlF5EXVgkWGn3mqUUjbXAr13J6fZVbp7Q3epRR8yshacBMlsHMhpOiV3g=="
      },
      "Polly.Extensions": {
        "type": "Transitive",
        "resolved": "8.4.2",
        "contentHash": "GZ9vRVmR0jV2JtZavt+pGUsQ1O1cuRKG7R7VOZI6ZDy9y6RNPvRvXK1tuS4ffUrv8L0FTea59oEuQzgS0R7zSA==",
        "dependencies": {
          "Microsoft.Extensions.Logging.Abstractions": "8.0.0",
          "Microsoft.Extensions.Options": "8.0.0",
          "Polly.Core": "8.4.2"
        }
      },
      "Polly.RateLimiting": {
        "type": "Transitive",
        "resolved": "8.4.2",
        "contentHash": "ehTImQ/eUyO07VYW2WvwSmU9rRH200SKJ/3jku9rOkyWE0A2JxNFmAVms8dSn49QLSjmjFRRSgfNyOgr/2PSmA==",
        "dependencies": {
          "Polly.Core": "8.4.2",
          "System.Threading.RateLimiting": "8.0.0"
        }
      },
      "System.ClientModel": {
        "type": "Transitive",
        "resolved": "1.0.0",
        "contentHash": "I3CVkvxeqFYjIVEP59DnjbeoGNfo/+SZrCLpRz2v/g0gpCHaEMPtWSY0s9k/7jR1rAsLNg2z2u1JRB76tPjnIw==",
        "dependencies": {
          "System.Memory.Data": "1.0.2",
          "System.Text.Json": "4.7.2"
        }
      },
      "System.CodeDom": {
        "type": "Transitive",
        "resolved": "6.0.0",
        "contentHash": "CPc6tWO1LAer3IzfZufDBRL+UZQcj5uS207NHALQzP84Vp/z6wF0Aa0YZImOQY8iStY0A2zI/e3ihKNPfUm8XA=="
      },
      "System.Collections.Immutable": {
        "type": "Transitive",
        "resolved": "7.0.0",
        "contentHash": "dQPcs0U1IKnBdRDBkrCTi1FoajSTBzLcVTpjO4MBCMC7f4pDOIPzgBoX8JjG7X6uZRJ8EBxsi8+DR1JuwjnzOQ=="
      },
      "System.Composition": {
        "type": "Transitive",
        "resolved": "7.0.0",
        "contentHash": "tRwgcAkDd85O8Aq6zHDANzQaq380cek9lbMg5Qma46u5BZXq/G+XvIYmu+UI+BIIZ9zssXLYrkTykEqxxvhcmg==",
        "dependencies": {
          "System.Composition.AttributedModel": "7.0.0",
          "System.Composition.Convention": "7.0.0",
          "System.Composition.Hosting": "7.0.0",
          "System.Composition.Runtime": "7.0.0",
          "System.Composition.TypedParts": "7.0.0"
        }
      },
      "System.Composition.AttributedModel": {
        "type": "Transitive",
        "resolved": "7.0.0",
        "contentHash": "2QzClqjElKxgI1jK1Jztnq44/8DmSuTSGGahXqQ4TdEV0h9s2KikQZIgcEqVzR7OuWDFPGLHIprBJGQEPr8fAQ=="
      },
      "System.Composition.Convention": {
        "type": "Transitive",
        "resolved": "7.0.0",
        "contentHash": "IMhTlpCs4HmlD8B+J8/kWfwX7vrBBOs6xyjSTzBlYSs7W4OET4tlkR/Sg9NG8jkdJH9Mymq0qGdYS1VPqRTBnQ==",
        "dependencies": {
          "System.Composition.AttributedModel": "7.0.0"
        }
      },
      "System.Composition.Hosting": {
        "type": "Transitive",
        "resolved": "7.0.0",
        "contentHash": "eB6gwN9S+54jCTBJ5bpwMOVerKeUfGGTYCzz3QgDr1P55Gg/Wb27ShfPIhLMjmZ3MoAKu8uUSv6fcCdYJTN7Bg==",
        "dependencies": {
          "System.Composition.Runtime": "7.0.0"
        }
      },
      "System.Composition.Runtime": {
        "type": "Transitive",
        "resolved": "7.0.0",
        "contentHash": "aZJ1Zr5Txe925rbo4742XifEyW0MIni1eiUebmcrP3HwLXZ3IbXUj4MFMUH/RmnJOAQiS401leg/2Sz1MkApDw=="
      },
      "System.Composition.TypedParts": {
        "type": "Transitive",
        "resolved": "7.0.0",
        "contentHash": "ZK0KNPfbtxVceTwh+oHNGUOYV2WNOHReX2AXipuvkURC7s/jPwoWfsu3SnDBDgofqbiWr96geofdQ2erm/KTHg==",
        "dependencies": {
          "System.Composition.AttributedModel": "7.0.0",
          "System.Composition.Hosting": "7.0.0",
          "System.Composition.Runtime": "7.0.0"
        }
      },
      "System.Diagnostics.DiagnosticSource": {
        "type": "Transitive",
        "resolved": "9.0.0",
        "contentHash": "ddppcFpnbohLWdYKr/ZeLZHmmI+DXFgZ3Snq+/E7SwcdW4UnvxmaugkwGywvGVWkHPGCSZjCP+MLzu23AL5SDw=="
      },
      "System.Formats.Asn1": {
        "type": "Transitive",
        "resolved": "9.0.0",
        "contentHash": "VRDjgfqV0hCma5HBQa46nZTRuqfYMWZClwxUtvLJVTCeDp9Esdvr91AfEWP98IMO8ooSv1yXb6/oCc6jApoXvQ=="
      },
      "System.IdentityModel.Tokens.Jwt": {
        "type": "Transitive",
        "resolved": "8.8.0",
        "contentHash": "/oIQ5jhVxpzutFOPYIxmvkVMCLLDwpN0CLcXjyxPflVRQGZRYi5x2IqHeJw+xJ2k2HUPmeTaM18La5wDbhJcQA==",
        "dependencies": {
          "Microsoft.IdentityModel.JsonWebTokens": "8.8.0",
          "Microsoft.IdentityModel.Tokens": "8.8.0"
        }
      },
      "System.IO.Pipelines": {
        "type": "Transitive",
        "resolved": "9.0.4",
        "contentHash": "luF2Xba+lTe2GOoNQdZLe8q7K6s7nSpWZl9jIwWNMszN4/Yv0lmxk9HISgMmwdyZ83i3UhAGXaSY9o6IJBUuuA=="
      },
      "System.Memory": {
        "type": "Transitive",
        "resolved": "4.5.4",
        "contentHash": "1MbJTHS1lZ4bS4FmsJjnuGJOu88ZzTT2rLvrhW7Ygic+pC0NWA+3hgAen0HRdsocuQXCkUTdFn9yHJJhsijDXw=="
      },
      "System.Memory.Data": {
        "type": "Transitive",
        "resolved": "1.0.2",
        "contentHash": "JGkzeqgBsiZwKJZ1IxPNsDFZDhUvuEdX8L8BDC8N3KOj+6zMcNU28CNN59TpZE/VJYy9cP+5M+sbxtWJx3/xtw==",
        "dependencies": {
          "System.Text.Encodings.Web": "4.7.2",
          "System.Text.Json": "4.6.0"
        }
      },
      "System.Numerics.Vectors": {
        "type": "Transitive",
        "resolved": "4.5.0",
        "contentHash": "QQTlPTl06J/iiDbJCiepZ4H//BVraReU4O4EoRw1U02H5TLUIT7xn3GnDp9AXPSlJUDyFs4uWjWafNX6WrAojQ=="
      },
      "System.Reflection.Metadata": {
        "type": "Transitive",
        "resolved": "7.0.0",
        "contentHash": "MclTG61lsD9sYdpNz9xsKBzjsmsfCtcMZYXz/IUr2zlhaTaABonlr1ESeompTgM+Xk+IwtGYU7/voh3YWB/fWw==",
        "dependencies": {
          "System.Collections.Immutable": "7.0.0"
        }
      },
      "System.Runtime.CompilerServices.Unsafe": {
        "type": "Transitive",
        "resolved": "6.0.0",
        "contentHash": "/iUeP3tq1S0XdNNoMz5C9twLSrM/TH+qElHkXWaPvuNOt+99G75NrV0OS2EqHx5wMN7popYjpc8oTjC1y16DLg=="
      },
      "System.Security.Cryptography.Pkcs": {
        "type": "Transitive",
        "resolved": "9.0.0",
        "contentHash": "8tluJF8w9si+2yoHeL8rgVJS6lKvWomTDC8px65Z8MCzzdME5eaPtEQf4OfVGrAxB5fW93ncucy1+221O9EQaw=="
      },
      "System.Security.Cryptography.ProtectedData": {
        "type": "Transitive",
        "resolved": "4.7.0",
        "contentHash": "ehYW0m9ptxpGWvE4zgqongBVWpSDU/JCFD4K7krxkQwSz/sFQjEXCUqpvencjy6DYDbn7Ig09R8GFffu8TtneQ=="
      },
      "System.Security.Cryptography.Xml": {
        "type": "Transitive",
        "resolved": "9.0.0",
        "contentHash": "GQZn5wFd+pyOfwWaCbqxG7trQ5ox01oR8kYgWflgtux4HiUNihGEgG2TktRWyH+9bw7NoEju1D41H/upwQeFQw==",
        "dependencies": {
          "System.Security.Cryptography.Pkcs": "9.0.0"
        }
      },
      "System.Text.Encodings.Web": {
        "type": "Transitive",
        "resolved": "4.7.2",
        "contentHash": "iTUgB/WtrZ1sWZs84F2hwyQhiRH6QNjQv2DkwrH+WP6RoFga2Q1m3f9/Q7FG8cck8AdHitQkmkXSY8qylcDmuA=="
      },
      "System.Text.Json": {
        "type": "Transitive",
        "resolved": "9.0.4",
        "contentHash": "pYtmpcO6R3Ef1XilZEHgXP2xBPVORbYEzRP7dl0IAAbN8Dm+kfwio8aCKle97rAWXOExr292MuxWYurIuwN62g=="
      },
      "System.Threading.Channels": {
        "type": "Transitive",
        "resolved": "7.0.0",
        "contentHash": "qmeeYNROMsONF6ndEZcIQ+VxR4Q/TX/7uIVLJqtwIWL7dDWeh0l1UIqgo4wYyjG//5lUNhwkLDSFl+pAWO6oiA=="
      },
      "System.Threading.RateLimiting": {
        "type": "Transitive",
        "resolved": "8.0.0",
        "contentHash": "7mu9v0QDv66ar3DpGSZHg9NuNcxDaaAcnMULuZlaTpP9+hwXhrxNGsF5GmLkSHxFdb5bBc1TzeujsRgTrPWi+Q=="
      },
      "System.Threading.Tasks.Extensions": {
        "type": "Transitive",
        "resolved": "4.5.4",
        "contentHash": "zteT+G8xuGu6mS+mzDzYXbzS7rd3K6Fjb9RiZlYlJPam2/hU7JCBZBVEcywNuR+oZ1ncTvc/cq0faRr3P01OVg=="
      },
      "adatickets.servicedefaults": {
        "type": "Project",
        "dependencies": {
          "Microsoft.Extensions.Http.Resilience": "[9.4.0, )",
          "Microsoft.Extensions.ServiceDiscovery": "[9.2.0, )",
          "OpenTelemetry.Exporter.OpenTelemetryProtocol": "[1.11.2, )",
          "OpenTelemetry.Extensions.Hosting": "[1.11.2, )",
          "OpenTelemetry.Instrumentation.AspNetCore": "[1.11.1, )",
          "OpenTelemetry.Instrumentation.Http": "[1.11.1, )",
          "OpenTelemetry.Instrumentation.Runtime": "[1.11.1, )"
        }
      }
    }
  }
}