{
  "version": 1,
  "dependencies": {
    "net9.0": {
      "Microsoft.Extensions.Localization": {
        "type": "Direct",
        "requested": "[9.0.5, )",
        "resolved": "9.0.5",
        "contentHash": "iqno5dLEXwpviGkm8Dl+ldqjAKAQf3zAx6AfPDnic3uUUTDeYtQ8Jqs4PiVFkuO1M7TOOAOXFa6dxoj56MDo6g==",
        "dependencies": {
          "Microsoft.Extensions.DependencyInjection.Abstractions": "9.0.5",
          "Microsoft.Extensions.Localization.Abstractions": "9.0.5",
          "Microsoft.Extensions.Logging.Abstractions": "9.0.5",
          "Microsoft.Extensions.Options": "9.0.5"
        }
      },
      "Microsoft.FluentUI.AspNetCore.Components": {
        "type": "Direct",
        "requested": "[4.11.9, )",
        "resolved": "4.11.9",
        "contentHash": "aXLNzO/AaXy4+8T84fN9EZcZn7ai+/8KApFaMSjPkAVJyedY4RLaPjgj4r1mqoq9GI7uJlFg91W6k6z3euVsEg==",
        "dependencies": {
          "Microsoft.AspNetCore.Components.Web": "9.0.4",
          "Microsoft.Extensions.Configuration.Abstractions": "9.0.4",
          "Microsoft.Extensions.Hosting.Abstractions": "9.0.4",
          "Microsoft.Extensions.Http": "9.0.4"
        }
      },
      "Microsoft.FluentUI.AspNetCore.Components.DataGrid.EntityFrameworkAdapter": {
        "type": "Direct",
        "requested": "[4.11.9, )",
        "resolved": "4.11.9",
        "contentHash": "+GT2I34waxxnUvlmqJ3hs0+ikSYAcrPB/ERXO7n7NvnbPR0Yx2160wUEfKMhPQ9ZlborbXjSZlHG2DBzyTKj4Q==",
        "dependencies": {
          "Microsoft.EntityFrameworkCore": "9.0.4",
          "Microsoft.Extensions.Caching.Memory": "9.0.4",
          "Microsoft.FluentUI.AspNetCore.Components": "4.11.9"
        }
      },
      "Microsoft.FluentUI.AspNetCore.Components.Emoji": {
        "type": "Direct",
        "requested": "[4.11.9, )",
        "resolved": "4.11.9",
        "contentHash": "fjQuBk+iapRromwReFgrZlReMP4aJefENqEMn70wNknBt7J6CPpU/cpm2FGfUekuaPhqDIbpMAUtRA9wForgjA==",
        "dependencies": {
          "Microsoft.FluentUI.AspNetCore.Components": "4.11.8"
        }
      },
      "Microsoft.FluentUI.AspNetCore.Components.Icons": {
        "type": "Direct",
        "requested": "[4.11.9, )",
        "resolved": "4.11.9",
        "contentHash": "pDC11W3Dpc4kElq5Wz/5l7RPIwzHgpgjCLBVnX7iXAI7JWoEpiIOQ2a4oKPQn2r8gKrtQsPvGWJd6CLqVhKtrA==",
        "dependencies": {
          "Microsoft.FluentUI.AspNetCore.Components": "4.11.8"
        }
      },
      "Microsoft.Identity.Client": {
        "type": "Direct",
        "requested": "[4.72.1, )",
        "resolved": "4.72.1",
        "contentHash": "U3FbgYeKbU34zP17vi4xO70U5WiVO4GcqHbGwfqzAGJMQQfzkdEK5Ue69mI1tWj7Ft2lbJJ9Wsho9/6Jn5OKqQ==",
        "dependencies": {
          "Microsoft.IdentityModel.Abstractions": "6.35.0",
          "System.Diagnostics.DiagnosticSource": "6.0.1"
        }
      },
      "Microsoft.Identity.Web.DownstreamApi": {
        "type": "Direct",
        "requested": "[3.9.2, )",
        "resolved": "3.9.2",
        "contentHash": "iZ1fZVSoDEG+aI+8ZpVVZedeA3c6jDmTCsXd8jezPxT1pYej+t9jhMctLApGorx2R/7ene22IOP58L4dJOFS4w==",
        "dependencies": {
          "Microsoft.Extensions.Options.ConfigurationExtensions": "9.0.0",
          "Microsoft.Identity.Web.TokenAcquisition": "3.9.2"
        }
      },
      "Microsoft.Identity.Web.UI": {
        "type": "Direct",
        "requested": "[3.9.2, )",
        "resolved": "3.9.2",
        "contentHash": "abSNMUp0F3r+JW2fbkJQbwuoEBJY3sDXtTIrlEWgmEsfO8AdC+14Y2JyENO6AvQ0hzX9O6oAuvSz5yAGZNfvQw==",
        "dependencies": {
          "Microsoft.Identity.Web": "3.9.2"
        }
      },
      "Azure.Core": {
        "type": "Transitive",
        "resolved": "1.38.0",
        "contentHash": "IuEgCoVA0ef7E4pQtpC3+TkPbzaoQfa77HlfJDmfuaJUCVJmn7fT0izamZiryW5sYUFKizsftIxMkXKbgIcPMQ==",
        "dependencies": {
          "Microsoft.Bcl.AsyncInterfaces": "1.1.1",
          "System.ClientModel": "1.0.0",
          "System.Diagnostics.DiagnosticSource": "6.0.1",
          "System.Memory.Data": "1.0.2",
          "System.Numerics.Vectors": "4.5.0",
          "System.Text.Encodings.Web": "4.7.2",
          "System.Text.Json": "4.7.2",
          "System.Threading.Tasks.Extensions": "4.5.4"
        }
      },
      "Azure.Identity": {
        "type": "Transitive",
        "resolved": "1.11.4",
        "contentHash": "Sf4BoE6Q3jTgFkgBkx7qztYOFELBCo+wQgpYDwal/qJ1unBH73ywPztIJKXBXORRzAeNijsuxhk94h0TIMvfYg==",
        "dependencies": {
          "Azure.Core": "1.38.0",
          "Microsoft.Identity.Client": "4.61.3",
          "Microsoft.Identity.Client.Extensions.Msal": "4.61.3",
          "System.Memory": "4.5.4",
          "System.Security.Cryptography.ProtectedData": "4.7.0",
          "System.Text.Json": "4.7.2",
          "System.Threading.Tasks.Extensions": "4.5.4"
        }
      },
      "Azure.Security.KeyVault.Certificates": {
        "type": "Transitive",
        "resolved": "4.6.0",
        "contentHash": "e2ATU/n2ZDL/S8A8EdrcfKEvKc2BojCrrSpmM+JKnrSTQS32x/W0Ldu8utk+epLKwXvSJRSWtlgdo7X8hG1mCg==",
        "dependencies": {
          "Azure.Core": "1.37.0",
          "System.Memory": "4.5.4",
          "System.Text.Json": "4.7.2",
          "System.Threading.Tasks.Extensions": "4.5.4"
        }
      },
      "Azure.Security.KeyVault.Secrets": {
        "type": "Transitive",
        "resolved": "4.6.0",
        "contentHash": "vwPceoznuT6glvirZcXlaCQrh1uzTSxpZUi2hRFNumHiS3hVyqIXI5fgWiLtlBzwqPJMTr0flUoSvGKjXXQlfg==",
        "dependencies": {
          "Azure.Core": "1.37.0",
          "System.Memory": "4.5.4",
          "System.Text.Json": "4.7.2",
          "System.Threading.Tasks.Extensions": "4.5.4"
        }
      },
      "Microsoft.AspNetCore.Authentication.JwtBearer": {
        "type": "Transitive",
        "resolved": "9.0.0",
        "contentHash": "bs+1Pq3vQdS2lTyxNUd9fEhtMsq3eLUpK36k2t56iDMVrk6OrAoFtvrQrTK0Y0OetTcJrUkGU7hBlf+ORzHLqQ==",
        "dependencies": {
          "Microsoft.IdentityModel.Protocols.OpenIdConnect": "8.0.1"
        }
      },
      "Microsoft.AspNetCore.Authentication.OpenIdConnect": {
        "type": "Transitive",
        "resolved": "9.0.0",
        "contentHash": "afrTDM8viZRruJGNkGa0pMhNqgjWBLln3DBPYrQaklOQn+wE9B5ZvOpi7l8l68JEwsBUVKteKyiY1ivPlK6kQw==",
        "dependencies": {
          "Microsoft.IdentityModel.Protocols.OpenIdConnect": "8.0.1"
        }
      },
      "Microsoft.AspNetCore.Authorization": {
        "type": "Transitive",
        "resolved": "9.0.4",
        "contentHash": "QIV3Jk/zb5wsBNkxj4eK4Qoja6f0hO2pUhWrG8NOmgnclA7zbQvzLLKaGnva7/PtglS8VS5HusZfrnnO8FTpSA==",
        "dependencies": {
          "Microsoft.AspNetCore.Metadata": "9.0.4",
          "Microsoft.Extensions.Logging.Abstractions": "9.0.4",
          "Microsoft.Extensions.Options": "9.0.4"
        }
      },
      "Microsoft.AspNetCore.Components": {
        "type": "Transitive",
        "resolved": "9.0.4",
        "contentHash": "imeT4r1PLXqI3kzf7b06Tzj5H4od8o/u4ZE5JgyrlvwABSZlBQzWN8AgT/lPLqs2VJVxNwcAolx+vxLMl9Dn+g==",
        "dependencies": {
          "Microsoft.AspNetCore.Authorization": "9.0.4",
          "Microsoft.AspNetCore.Components.Analyzers": "9.0.4"
        }
      },
      "Microsoft.AspNetCore.Components.Analyzers": {
        "type": "Transitive",
        "resolved": "9.0.4",
        "contentHash": "fPrKrrfT5o0dJZ4AgbGsXBl4YNTlSrRcpYMgLTsrmYo7aOkZrdWPmsxVsFRyelfmCW9qHH7ZZK/4cTC8HuS7BA=="
      },
      "Microsoft.AspNetCore.Components.Forms": {
        "type": "Transitive",
        "resolved": "9.0.4",
        "contentHash": "FvoNIyz5URP2QonItKbDBzCcdmSXHWfyh0lUAYkNittlLmFAqaIF4TE55h3/SYLI8ISsbAVd44Cax86HBhLu8w==",
        "dependencies": {
          "Microsoft.AspNetCore.Components": "9.0.4"
        }
      },
      "Microsoft.AspNetCore.Components.Web": {
        "type": "Transitive",
        "resolved": "9.0.4",
        "contentHash": "X02T/wGvT7vCgIXG0R4ZWQUx5/qMaKuWJklBL3eaa8b1NJHyPlox6IpI4AcmMy7r1hM8GwaxKfm34dv5b7n5VA==",
        "dependencies": {
          "Microsoft.AspNetCore.Components": "9.0.4",
          "Microsoft.AspNetCore.Components.Forms": "9.0.4",
          "Microsoft.Extensions.DependencyInjection": "9.0.4",
          "Microsoft.Extensions.Primitives": "9.0.4",
          "Microsoft.JSInterop": "9.0.4"
        }
      },
      "Microsoft.AspNetCore.Cryptography.Internal": {
        "type": "Transitive",
        "resolved": "9.0.0",
        "contentHash": "M1dzTEl+2+RqT4vWcqEpWasPXHd58wC93U7QMlmPSmx+qixyVxCQjZ183wr7Wa68b4pF7wC501MU9rdA0ZNhMg=="
      },
      "Microsoft.AspNetCore.DataProtection": {
        "type": "Transitive",
        "resolved": "9.0.0",
        "contentHash": "mrhTnqMHkaVmaNZOWobg7ior5BELrlC5dC2r3FMVwT0bfOlonOe76B83e3D98Cl/zR5Szhfok2BQmkw6xDvHfg==",
        "dependencies": {
          "Microsoft.AspNetCore.Cryptography.Internal": "9.0.0",
          "Microsoft.AspNetCore.DataProtection.Abstractions": "9.0.0",
          "Microsoft.Extensions.DependencyInjection.Abstractions": "9.0.0",
          "Microsoft.Extensions.Hosting.Abstractions": "9.0.0",
          "Microsoft.Extensions.Logging.Abstractions": "9.0.0",
          "Microsoft.Extensions.Options": "9.0.0",
          "System.Security.Cryptography.Xml": "9.0.0"
        }
      },
      "Microsoft.AspNetCore.DataProtection.Abstractions": {
        "type": "Transitive",
        "resolved": "9.0.0",
        "contentHash": "o7JVGMXofZ4IuQdyoL0eKC1GnNmviZt2aI7CGHnQjqbz9hIrYim3DUfCKpvKaVzLWfzfgmwaXNg8Zx7fFQaBbA=="
      },
      "Microsoft.AspNetCore.Metadata": {
        "type": "Transitive",
        "resolved": "9.0.4",
        "contentHash": "3AhnSEW/Zw0E++itsen8YvqT7UoyF7zYD9OZPQmeGpT7YQP4W9GOiwOljfJEC8+4pP8kqgpeRN/p4LkmKLIUlQ=="
      },
      "Microsoft.Bcl.AsyncInterfaces": {
        "type": "Transitive",
        "resolved": "1.1.1",
        "contentHash": "yuvf07qFWFqtK3P/MRkEKLhn5r2UbSpVueRziSqj0yJQIKFwG1pq9mOayK3zE5qZCTs0CbrwL9M6R8VwqyGy2w=="
      },
      "Microsoft.EntityFrameworkCore": {
        "type": "Transitive",
        "resolved": "9.0.4",
        "contentHash": "+5IAX0aicQYCRfN4pAjad+JPwdEYoVEM3Z1Cl8/EiEv3FVHQHdd8TJQpQIslQDDQS/UsUMb0MsOXwqOh+TJtRw==",
        "dependencies": {
          "Microsoft.EntityFrameworkCore.Abstractions": "9.0.4",
          "Microsoft.EntityFrameworkCore.Analyzers": "9.0.4",
          "Microsoft.Extensions.Caching.Memory": "9.0.4",
          "Microsoft.Extensions.Logging": "9.0.4"
        }
      },
      "Microsoft.EntityFrameworkCore.Abstractions": {
        "type": "Transitive",
        "resolved": "9.0.4",
        "contentHash": "E0pkWzI0liqu2ogqJ1kohk2eGkYRhf5tI75HGF6IQDARsshY/0w+prGyLvNuUeV7B8I7vYQZ4CzAKYKxw7b9gQ=="
      },
      "Microsoft.EntityFrameworkCore.Analyzers": {
        "type": "Transitive",
        "resolved": "9.0.4",
        "contentHash": "cMsm1O7g9X5qbB2wjHf3BVVvGwkG+zeXQ+M91I1Bm6RfylFMImqBPzs0+vmuef7fPxr2yOzPhIfJ2wQJfmtaSw=="
      },
      "Microsoft.Extensions.Caching.Abstractions": {
        "type": "Transitive",
        "resolved": "9.0.4",
        "contentHash": "imcZ5BGhBw5mNsWLepBbqqumWaFe0GtvyCvne2/2wsDIBRa2+Lhx4cU/pKt/4BwOizzUEOls2k1eOJQXHGMalg==",
        "dependencies": {
          "Microsoft.Extensions.Primitives": "9.0.4"
        }
      },
      "Microsoft.Extensions.Caching.Memory": {
        "type": "Transitive",
        "resolved": "9.0.4",
        "contentHash": "G5rEq1Qez5VJDTEyRsRUnewAspKjaY57VGsdZ8g8Ja6sXXzoiI3PpTd1t43HjHqNWD5A06MQveb2lscn+2CU+w==",
        "dependencies": {
          "Microsoft.Extensions.Caching.Abstractions": "9.0.4",
          "Microsoft.Extensions.DependencyInjection.Abstractions": "9.0.4",
          "Microsoft.Extensions.Logging.Abstractions": "9.0.4",
          "Microsoft.Extensions.Options": "9.0.4",
          "Microsoft.Extensions.Primitives": "9.0.4"
        }
      },
      "Microsoft.Extensions.Configuration": {
        "type": "Transitive",
        "resolved": "9.0.4",
        "contentHash": "KIVBrMbItnCJDd1RF4KEaE8jZwDJcDUJW5zXpbwQ05HNYTK1GveHxHK0B3SjgDJuR48GRACXAO+BLhL8h34S7g==",
        "dependencies": {
          "Microsoft.Extensions.Configuration.Abstractions": "9.0.4",
          "Microsoft.Extensions.Primitives": "9.0.4"
        }
      },
      "Microsoft.Extensions.Configuration.Abstractions": {
        "type": "Transitive",
        "resolved": "9.0.4",
        "contentHash": "0LN/DiIKvBrkqp7gkF3qhGIeZk6/B63PthAHjQsxymJfIBcz0kbf4/p/t4lMgggVxZ+flRi5xvTwlpPOoZk8fg==",
        "dependencies": {
          "Microsoft.Extensions.Primitives": "9.0.4"
        }
      },
      "Microsoft.Extensions.Configuration.Binder": {
        "type": "Transitive",
        "resolved": "9.0.4",
        "contentHash": "cdrjcl9RIcwt3ECbnpP0Gt1+pkjdW90mq5yFYy8D9qRj2NqFFcv3yDp141iEamsd9E218sGxK8WHaIOcrqgDJg==",
        "dependencies": {
          "Microsoft.Extensions.Configuration.Abstractions": "9.0.4"
        }
      },
      "Microsoft.Extensions.DependencyInjection": {
        "type": "Transitive",
        "resolved": "9.0.4",
        "contentHash": "f2MTUaS2EQ3lX4325ytPAISZqgBfXmY0WvgD80ji6Z20AoDNiCESxsqo6mFRwHJD/jfVKRw9FsW6+86gNre3ug==",
        "dependencies": {
          "Microsoft.Extensions.DependencyInjection.Abstractions": "9.0.4"
        }
      },
      "Microsoft.Extensions.DependencyInjection.Abstractions": {
        "type": "Transitive",
        "resolved": "9.0.5",
        "contentHash": "cjnRtsEAzU73aN6W7vkWy8Phj5t3Xm78HSqgrbh/O4Q9SK/yN73wZVa21QQY6amSLQRQ/M8N+koGnY6PuvKQsw=="
      },
      "Microsoft.Extensions.Diagnostics": {
        "type": "Transitive",
        "resolved": "9.0.4",
        "contentHash": "1bCSQrGv9+bpF5MGKF6THbnRFUZqQDrWPA39NDeVW9djeHBmow8kX4SX6/8KkeKI8gmUDG7jsG/bVuNAcY/ATQ==",
        "dependencies": {
          "Microsoft.Extensions.Configuration": "9.0.4",
          "Microsoft.Extensions.Diagnostics.Abstractions": "9.0.4",
          "Microsoft.Extensions.Options.ConfigurationExtensions": "9.0.4"
        }
      },
      "Microsoft.Extensions.Diagnostics.Abstractions": {
        "type": "Transitive",
        "resolved": "9.0.4",
        "contentHash": "IAucBcHYtiCmMyFag+Vrp5m+cjGRlDttJk9Vx7Dqpq+Ama4BzVUOk0JARQakgFFr7ZTBSgLKlHmtY5MiItB7Cg==",
        "dependencies": {
          "Microsoft.Extensions.DependencyInjection.Abstractions": "9.0.4",
          "Microsoft.Extensions.Options": "9.0.4"
        }
      },
      "Microsoft.Extensions.FileProviders.Abstractions": {
        "type": "Transitive",
        "resolved": "9.0.4",
        "contentHash": "gQN2o/KnBfVk6Bd71E2YsvO5lsqrqHmaepDGk+FB/C4aiQY9B0XKKNKfl5/TqcNOs9OEithm4opiMHAErMFyEw==",
        "dependencies": {
          "Microsoft.Extensions.Primitives": "9.0.4"
        }
      },
      "Microsoft.Extensions.Hosting.Abstractions": {
        "type": "Transitive",
        "resolved": "9.0.4",
        "contentHash": "bXkwRPMo4x19YKH6/V9XotU7KYQJlihXhcWO1RDclAY3yfY3XNg4QtSEBvng4kK/DnboE0O/nwSl+6Jiv9P+FA==",
        "dependencies": {
          "Microsoft.Extensions.Configuration.Abstractions": "9.0.4",
          "Microsoft.Extensions.DependencyInjection.Abstractions": "9.0.4",
          "Microsoft.Extensions.Diagnostics.Abstractions": "9.0.4",
          "Microsoft.Extensions.FileProviders.Abstractions": "9.0.4",
          "Microsoft.Extensions.Logging.Abstractions": "9.0.4"
        }
      },
      "Microsoft.Extensions.Http": {
        "type": "Transitive",
        "resolved": "9.0.4",
        "contentHash": "ezelU6HJgmq4862YoWuEbHGSV+JnfnonTSbNSJVh6n6wDehyiJn4hBtcK7rGbf2KO3QeSvK5y8E7uzn1oaRH5w==",
        "dependencies": {
          "Microsoft.Extensions.Configuration.Abstractions": "9.0.4",
          "Microsoft.Extensions.DependencyInjection.Abstractions": "9.0.4",
          "Microsoft.Extensions.Diagnostics": "9.0.4",
          "Microsoft.Extensions.Logging": "9.0.4",
          "Microsoft.Extensions.Logging.Abstractions": "9.0.4",
          "Microsoft.Extensions.Options": "9.0.4"
        }
      },
      "Microsoft.Extensions.Localization.Abstractions": {
        "type": "Transitive",
        "resolved": "9.0.5",
        "contentHash": "zCS+W4FyyzAyUbE72ltvaukBLBm5t83MFHWKRmijLphAAjC8XGT/mVsGQTHTHHFPkrksI2tplDuIAoYQc9GT9A=="
      },
      "Microsoft.Extensions.Logging": {
        "type": "Transitive",
        "resolved": "9.0.4",
        "contentHash": "xW6QPYsqhbuWBO9/1oA43g/XPKbohJx+7G8FLQgQXIriYvY7s+gxr2wjQJfRoPO900dvvv2vVH7wZovG+M1m6w==",
        "dependencies": {
          "Microsoft.Extensions.DependencyInjection": "9.0.4",
          "Microsoft.Extensions.Logging.Abstractions": "9.0.4",
          "Microsoft.Extensions.Options": "9.0.4"
        }
      },
      "Microsoft.Extensions.Logging.Abstractions": {
        "type": "Transitive",
        "resolved": "9.0.5",
        "contentHash": "pP1PADCrIxMYJXxFmTVbAgEU7GVpjK5i0/tyfU9DiE0oXQy3JWQaOVgCkrCiePLgS8b5sghM3Fau3EeHiVWbCg==",
        "dependencies": {
          "Microsoft.Extensions.DependencyInjection.Abstractions": "9.0.5"
        }
      },
      "Microsoft.Extensions.Options": {
        "type": "Transitive",
        "resolved": "9.0.5",
        "contentHash": "vPdJQU8YLOUSSK8NL0RmwcXJr2E0w8xH559PGQl4JYsglgilZr9LZnqV2zdgk+XR05+kuvhBEZKoDVd46o7NqA==",
        "dependencies": {
          "Microsoft.Extensions.DependencyInjection.Abstractions": "9.0.5",
          "Microsoft.Extensions.Primitives": "9.0.5"
        }
      },
      "Microsoft.Extensions.Options.ConfigurationExtensions": {
        "type": "Transitive",
        "resolved": "9.0.4",
        "contentHash": "aridVhAT3Ep+vsirR1pzjaOw0Jwiob6dc73VFQn2XmDfBA2X98M8YKO1GarvsXRX7gX1Aj+hj2ijMzrMHDOm0A==",
        "dependencies": {
          "Microsoft.Extensions.Configuration.Abstractions": "9.0.4",
          "Microsoft.Extensions.Configuration.Binder": "9.0.4",
          "Microsoft.Extensions.DependencyInjection.Abstractions": "9.0.4",
          "Microsoft.Extensions.Options": "9.0.4",
          "Microsoft.Extensions.Primitives": "9.0.4"
        }
      },
      "Microsoft.Extensions.Primitives": {
        "type": "Transitive",
        "resolved": "9.0.5",
        "contentHash": "b4OAv1qE1C9aM+ShWJu3rlo/WjDwa/I30aIPXqDWSKXTtKl1Wwh6BZn+glH5HndGVVn3C6ZAPQj5nv7/7HJNBQ=="
      },
      "Microsoft.Identity.Abstractions": {
        "type": "Transitive",
        "resolved": "9.1.0",
        "contentHash": "6xXC5DLWASaI/eyS7vq4Hs2MtC6wDBpQiMmSvg+KeQUpfOwbwaE/HRvaEB+Ic2DLdHizClPV5yg/HbtwbeGhNQ=="
      },
      "Microsoft.Identity.Client.Extensions.Msal": {
        "type": "Transitive",
        "resolved": "4.61.3",
        "contentHash": "PWnJcznrSGr25MN8ajlc2XIDW4zCFu0U6FkpaNLEWLgd1NgFCp5uDY3mqLDgM8zCN8hqj8yo5wHYfLB2HjcdGw==",
        "dependencies": {
          "Microsoft.Identity.Client": "4.61.3",
          "System.Security.Cryptography.ProtectedData": "4.5.0"
        }
      },
      "Microsoft.Identity.Web": {
        "type": "Transitive",
        "resolved": "3.9.2",
        "contentHash": "uyp5/6RIwDCd8P+8y6TQJMpiyd4crehn/V54rHjl4brQbEtcKDi8sdFdNzdXnO5s5WCarh4s1t+298B6Ne4o0Q==",
        "dependencies": {
          "Microsoft.Identity.Web.Certificate": "3.9.2",
          "Microsoft.Identity.Web.Certificateless": "3.9.2",
          "Microsoft.Identity.Web.TokenAcquisition": "3.9.2",
          "Microsoft.Identity.Web.TokenCache": "3.9.2",
          "Microsoft.IdentityModel.Protocols.OpenIdConnect": "8.11.0",
          "Microsoft.IdentityModel.Validators": "8.11.0",
          "System.Formats.Asn1": "9.0.0",
          "System.IdentityModel.Tokens.Jwt": "8.11.0"
        }
      },
      "Microsoft.Identity.Web.Certificate": {
        "type": "Transitive",
        "resolved": "3.9.2",
        "contentHash": "8V1ymCgsYO7oz4Ucu4uahVvdC76qGk4mmI9fx7n4tuGPR3Cm7yx4Zs4NinZnIswQ4t2mMnncfqqmlhpJ/v1sJg==",
        "dependencies": {
          "Azure.Identity": "1.11.4",
          "Azure.Security.KeyVault.Certificates": "4.6.0",
          "Azure.Security.KeyVault.Secrets": "4.6.0",
          "Microsoft.Extensions.Logging.Abstractions": "9.0.0",
          "Microsoft.Identity.Abstractions": "9.1.0",
          "Microsoft.Identity.Web.Certificateless": "3.9.2",
          "Microsoft.Identity.Web.Diagnostics": "3.9.2"
        }
      },
      "Microsoft.Identity.Web.Certificateless": {
        "type": "Transitive",
        "resolved": "3.9.2",
        "contentHash": "k4ZiwjAMh+TeoaljNWuT5l32rKcXutOS0ZIp5J8Xs9wc0GYT0u5BlxVGhcH+KMmGl2jSNB6vuQe9/Ip1jshUzQ==",
        "dependencies": {
          "Microsoft.Extensions.Logging.Abstractions": "2.1.0",
          "Microsoft.Identity.Client": "4.72.1",
          "Microsoft.IdentityModel.JsonWebTokens": "8.11.0",
          "System.Text.Json": "8.0.5"
        }
      },
      "Microsoft.Identity.Web.Diagnostics": {
        "type": "Transitive",
        "resolved": "3.9.2",
        "contentHash": "aGYi7PV3UKvJi40YwrCrU8Q+hhFDZXay+PQDFkeFuXIMgNeWTGpJVwJvX0OT6cZBLYfj7/4Z4C9AsC+JXXP95A=="
      },
      "Microsoft.Identity.Web.TokenAcquisition": {
        "type": "Transitive",
        "resolved": "3.9.2",
        "contentHash": "ZXahy7mt1h+tc06+FmdYXqDkM/G+7IZArj8dWG3QLHDWiO04HHgn8axQk3M6dUY9F6pecc0DFi0BDkWaUW55Qw==",
        "dependencies": {
          "Microsoft.AspNetCore.Authentication.JwtBearer": "9.0.0",
          "Microsoft.AspNetCore.Authentication.OpenIdConnect": "9.0.0",
          "Microsoft.Extensions.Options.ConfigurationExtensions": "9.0.0",
          "Microsoft.Identity.Abstractions": "9.1.0",
          "Microsoft.Identity.Web.Certificate": "3.9.2",
          "Microsoft.Identity.Web.Certificateless": "3.9.2",
          "Microsoft.Identity.Web.TokenCache": "3.9.2",
          "Microsoft.IdentityModel.Logging": "8.11.0",
          "Microsoft.IdentityModel.LoggingExtensions": "8.11.0",
          "Microsoft.IdentityModel.Protocols.OpenIdConnect": "8.11.0",
          "System.IdentityModel.Tokens.Jwt": "8.11.0"
        }
      },
      "Microsoft.Identity.Web.TokenCache": {
        "type": "Transitive",
        "resolved": "3.9.2",
        "contentHash": "MNr7ml/H3qp0WPN7FnBOAbefDqWHoeIF+F9HYA/xjJwB+TUau9CgNhsK/AA9mZUPHEX3FYXPU11XjtE1AWP9ew==",
        "dependencies": {
          "Microsoft.AspNetCore.DataProtection": "9.0.0",
          "Microsoft.Extensions.Caching.Memory": "9.0.0",
          "Microsoft.Extensions.Logging": "9.0.0",
          "Microsoft.Identity.Client": "4.72.1",
          "Microsoft.Identity.Web.Diagnostics": "3.9.2",
          "System.Formats.Asn1": "9.0.0",
          "System.Security.Cryptography.Pkcs": "9.0.0",
          "System.Security.Cryptography.Xml": "9.0.0"
        }
      },
      "Microsoft.IdentityModel.Abstractions": {
        "type": "Transitive",
        "resolved": "8.11.0",
        "contentHash": "X92UuBmvHYtsVrD+R+senFn6wOtSVtliSZNTZI8oHD+WqhYLmLNlHH6avYcbXqEznozxshSYzD/DVAuz54jjtg=="
      },
      "Microsoft.IdentityModel.JsonWebTokens": {
        "type": "Transitive",
        "resolved": "8.11.0",
        "contentHash": "rLvApg2vqs/Kz5kVHwHUMAe3owInYrsPX8QP8CQktubX9R63P+J47nR/IOS4n6ddJCvGInUGRBKqcBGJtuA4Rw==",
        "dependencies": {
          "Microsoft.IdentityModel.Tokens": "8.11.0"
        }
      },
      "Microsoft.IdentityModel.Logging": {
        "type": "Transitive",
        "resolved": "8.11.0",
        "contentHash": "/JNOMdYOQ4Tgbdwu9GbEcRJEpzakizuECCE8dCgY5lKXyqZUdAKXyeq4zITgS81eZYThqjhQZUYaJxOPofbmrg==",
        "dependencies": {
          "Microsoft.IdentityModel.Abstractions": "8.11.0"
        }
      },
      "Microsoft.IdentityModel.LoggingExtensions": {
        "type": "Transitive",
        "resolved": "8.11.0",
        "contentHash": "263OKo8C1EOaO4rofjYQ5MGuxAL9olASIsMwy5TTOhto+Tk7oFcWXmiSCDPUKZsAmjJ/zZW34cxT0gcZ8VWjDw==",
        "dependencies": {
          "Microsoft.Extensions.Logging.Abstractions": "2.1.1",
          "Microsoft.IdentityModel.Abstractions": "8.11.0"
        }
      },
      "Microsoft.IdentityModel.Protocols": {
        "type": "Transitive",
        "resolved": "8.11.0",
        "contentHash": "OA5PAHKhwZqVLuFtLUfsE78VgRSxZIQhgKERL/Wj1/1oQT8M1jEjJsAJ/Rkw2wsQU6qbk+4OyHej5h9oMIxD5Q==",
        "dependencies": {
          "Microsoft.IdentityModel.Tokens": "8.11.0"
        }
      },
      "Microsoft.IdentityModel.Protocols.OpenIdConnect": {
        "type": "Transitive",
        "resolved": "8.11.0",
        "contentHash": "8zMVhLnAKhr0gaRe2xHmg5YqkEWy4w6A1LnpZthvqr+C3xBDA4a8oedroh7/stcsD4LdG4XDMZIaB2RCf9fx+A==",
        "dependencies": {
          "Microsoft.IdentityModel.Protocols": "8.11.0",
          "System.IdentityModel.Tokens.Jwt": "8.11.0"
        }
      },
      "Microsoft.IdentityModel.Tokens": {
        "type": "Transitive",
        "resolved": "8.11.0",
        "contentHash": "E0iKSD9vv9X+tbHGriMTLkSNK/OOjxOPuf1dt9q32d25Ig+OZaidUqDoUTSS3mWTvPw+x5oXrCTHtDatbzRzTQ==",
        "dependencies": {
          "Microsoft.Extensions.Logging.Abstractions": "8.0.0",
          "Microsoft.IdentityModel.Logging": "8.11.0"
        }
      },
      "Microsoft.IdentityModel.Validators": {
        "type": "Transitive",
        "resolved": "8.11.0",
        "contentHash": "HC0Q35bBycbOHJiRT+uWoLTeEI9CrtGyo+EFxE4lWPK91jfpdeMa0Yqw0Xfi7/GPVttTOqkEGa1N1atUIbBCkw==",
        "dependencies": {
          "Microsoft.IdentityModel.Protocols": "8.11.0",
          "Microsoft.IdentityModel.Protocols.OpenIdConnect": "8.11.0",
          "Microsoft.IdentityModel.Tokens": "8.11.0",
          "System.IdentityModel.Tokens.Jwt": "8.11.0"
        }
      },
      "Microsoft.JSInterop": {
        "type": "Transitive",
        "resolved": "9.0.4",
        "contentHash": "iuzwm79XoRYTRhf7cOHgMgGAE8ZsAcCGp2VsIDAV05qRzceKSE1S7tQp+8GTzG7+IZpdPpvfaJUwSD/pYIog5A=="
      },
      "System.ClientModel": {
        "type": "Transitive",
        "resolved": "1.0.0",
        "contentHash": "I3CVkvxeqFYjIVEP59DnjbeoGNfo/+SZrCLpRz2v/g0gpCHaEMPtWSY0s9k/7jR1rAsLNg2z2u1JRB76tPjnIw==",
        "dependencies": {
          "System.Memory.Data": "1.0.2",
          "System.Text.Json": "4.7.2"
        }
      },
      "System.Diagnostics.DiagnosticSource": {
        "type": "Transitive",
        "resolved": "6.0.1",
        "contentHash": "KiLYDu2k2J82Q9BJpWiuQqCkFjRBWVq4jDzKKWawVi9KWzyD0XG3cmfX0vqTQlL14Wi9EufJrbL0+KCLTbqWiQ==",
        "dependencies": {
          "System.Runtime.CompilerServices.Unsafe": "6.0.0"
        }
      },
      "System.Formats.Asn1": {
        "type": "Transitive",
        "resolved": "9.0.0",
        "contentHash": "VRDjgfqV0hCma5HBQa46nZTRuqfYMWZClwxUtvLJVTCeDp9Esdvr91AfEWP98IMO8ooSv1yXb6/oCc6jApoXvQ=="
      },
      "System.IdentityModel.Tokens.Jwt": {
        "type": "Transitive",
        "resolved": "8.11.0",
        "contentHash": "fDPoJMD4/puOlYaOESFCZNKy8X5Cw7URr9ibcHe0Qq3SrGhku9xVSxeXSNAP9RRahFQ/GbLfqO9AN1XD3Nxacw==",
        "dependencies": {
          "Microsoft.IdentityModel.JsonWebTokens": "8.11.0",
          "Microsoft.IdentityModel.Tokens": "8.11.0"
        }
      },
      "System.Memory": {
        "type": "Transitive",
        "resolved": "4.5.4",
        "contentHash": "1MbJTHS1lZ4bS4FmsJjnuGJOu88ZzTT2rLvrhW7Ygic+pC0NWA+3hgAen0HRdsocuQXCkUTdFn9yHJJhsijDXw=="
      },
      "System.Memory.Data": {
        "type": "Transitive",
        "resolved": "1.0.2",
        "contentHash": "JGkzeqgBsiZwKJZ1IxPNsDFZDhUvuEdX8L8BDC8N3KOj+6zMcNU28CNN59TpZE/VJYy9cP+5M+sbxtWJx3/xtw==",
        "dependencies": {
          "System.Text.Encodings.Web": "4.7.2",
          "System.Text.Json": "4.6.0"
        }
      },
      "System.Numerics.Vectors": {
        "type": "Transitive",
        "resolved": "4.5.0",
        "contentHash": "QQTlPTl06J/iiDbJCiepZ4H//BVraReU4O4EoRw1U02H5TLUIT7xn3GnDp9AXPSlJUDyFs4uWjWafNX6WrAojQ=="
      },
      "System.Runtime.CompilerServices.Unsafe": {
        "type": "Transitive",
        "resolved": "6.0.0",
        "contentHash": "/iUeP3tq1S0XdNNoMz5C9twLSrM/TH+qElHkXWaPvuNOt+99G75NrV0OS2EqHx5wMN7popYjpc8oTjC1y16DLg=="
      },
      "System.Security.Cryptography.Pkcs": {
        "type": "Transitive",
        "resolved": "9.0.0",
        "contentHash": "8tluJF8w9si+2yoHeL8rgVJS6lKvWomTDC8px65Z8MCzzdME5eaPtEQf4OfVGrAxB5fW93ncucy1+221O9EQaw=="
      },
      "System.Security.Cryptography.ProtectedData": {
        "type": "Transitive",
        "resolved": "4.7.0",
        "contentHash": "ehYW0m9ptxpGWvE4zgqongBVWpSDU/JCFD4K7krxkQwSz/sFQjEXCUqpvencjy6DYDbn7Ig09R8GFffu8TtneQ=="
      },
      "System.Security.Cryptography.Xml": {
        "type": "Transitive",
        "resolved": "9.0.0",
        "contentHash": "GQZn5wFd+pyOfwWaCbqxG7trQ5ox01oR8kYgWflgtux4HiUNihGEgG2TktRWyH+9bw7NoEju1D41H/upwQeFQw==",
        "dependencies": {
          "System.Security.Cryptography.Pkcs": "9.0.0"
        }
      },
      "System.Text.Encodings.Web": {
        "type": "Transitive",
        "resolved": "4.7.2",
        "contentHash": "iTUgB/WtrZ1sWZs84F2hwyQhiRH6QNjQv2DkwrH+WP6RoFga2Q1m3f9/Q7FG8cck8AdHitQkmkXSY8qylcDmuA=="
      },
      "System.Text.Json": {
        "type": "Transitive",
        "resolved": "8.0.5",
        "contentHash": "0f1B50Ss7rqxXiaBJyzUu9bWFOO2/zSlifZ/UNMdiIpDYe4cY4LQQicP4nirK1OS31I43rn062UIJ1Q9bpmHpg=="
      },
      "System.Threading.Tasks.Extensions": {
        "type": "Transitive",
        "resolved": "4.5.4",
        "contentHash": "zteT+G8xuGu6mS+mzDzYXbzS7rd3K6Fjb9RiZlYlJPam2/hU7JCBZBVEcywNuR+oZ1ncTvc/cq0faRr3P01OVg=="
      }
    }
  }
}