{
  "version": 1,
  "dependencies": {
    "net9.0": {
      "Microsoft.AspNetCore.DataProtection.StackExchangeRedis": {
        "type": "Direct",
        "requested": "[9.0.7, )",
        "resolved": "9.0.7",
        "contentHash": "HHuBZMeCgBs7xEoKw+V5jliVBgodlcgIiIc7M/5kwHcUcuR+FGbe78xrav9aAvOEYBe8jiHVwocafecjN6/fzw==",
        "dependencies": {
          "Microsoft.AspNetCore.DataProtection": "9.0.7",
          "StackExchange.Redis": "2.7.27"
        }
      },
      "Microsoft.Extensions.Caching.StackExchangeRedis": {
        "type": "Direct",
        "requested": "[9.0.7, )",
        "resolved": "9.0.7",
        "contentHash": "sZLFm5KOY+wq2kc7RXrnk9NXLTOSKQFYUx55EEgc7hxcJ3lMduSjKbq5WxzjykSTqOT3LTo7dQFeQ7mZfvghXQ==",
        "dependencies": {
          "Microsoft.Extensions.Caching.Abstractions": "9.0.7",
          "Microsoft.Extensions.Logging.Abstractions": "9.0.7",
          "Microsoft.Extensions.Options": "9.0.7",
          "StackExchange.Redis": "2.7.27"
        }
      },
      "Microsoft.Extensions.Localization": {
        "type": "Direct",
        "requested": "[9.0.7, )",
        "resolved": "9.0.7",
        "contentHash": "3GkeId1Oz/tgWu5zJSexzWkYsiWbL0nWRsr8kJb88wIIZi0W31wBK1xXmQsjr8PFH4M6rqnXt78F/JLH0PfVOw==",
        "dependencies": {
          "Microsoft.Extensions.DependencyInjection.Abstractions": "9.0.7",
          "Microsoft.Extensions.Localization.Abstractions": "9.0.7",
          "Microsoft.Extensions.Logging.Abstractions": "9.0.7",
          "Microsoft.Extensions.Options": "9.0.7"
        }
      },
      "Microsoft.FluentUI.AspNetCore.Components.Emoji": {
        "type": "Direct",
        "requested": "[4.12.0, )",
        "resolved": "4.12.0",
        "contentHash": "LfFOI2uNxzUlPgK+0PDMuZ/m3/tRkuhHM+ytMIKAwvkYsb5dZ+0q8yixdC/Qussd2Xg4e7ucGePs+vuAxhmzJQ==",
        "dependencies": {
          "Microsoft.FluentUI.AspNetCore.Components": "4.11.9"
        }
      },
      "Microsoft.FluentUI.AspNetCore.Components.Icons": {
        "type": "Direct",
        "requested": "[4.12.0, )",
        "resolved": "4.12.0",
        "contentHash": "JLca55xzp3c4wUki1ZFTxx3BB8ywXvh8YrRKKMbrwTv9x8tAeV/CEa1S/+XdrxjG7b0rLOtAQcZc78LWwYpVWg==",
        "dependencies": {
          "Microsoft.FluentUI.AspNetCore.Components": "4.11.9"
        }
      },
      "Microsoft.Graph": {
        "type": "Direct",
        "requested": "[5.85.0, )",
        "resolved": "5.85.0",
        "contentHash": "4YS75FoTaZGLB3Lsd+uC1JGsur/WZrNpI/ixswC4KI4tGQEhq9efRX9/0uS9g41XWDjvMgCf0I4D9f/I1PzDuw==",
        "dependencies": {
          "Microsoft.Graph.Core": "3.2.4"
        }
      },
      "Microsoft.Identity.Web.DownstreamApi": {
        "type": "Direct",
        "requested": "[3.10.0, )",
        "resolved": "3.10.0",
        "contentHash": "QqI4NXl/SRFg5k0jk6bGrsPY5fyfCqzCtC5RLFa1KtvdxUFFd2pNUcrGQlD8+qyMYtqimOZpPnX0mwIW3fv/xw==",
        "dependencies": {
          "Microsoft.Extensions.Options.ConfigurationExtensions": "9.0.0",
          "Microsoft.Identity.Web.TokenAcquisition": "3.10.0"
        }
      },
      "Microsoft.Identity.Web.UI": {
        "type": "Direct",
        "requested": "[3.10.0, )",
        "resolved": "3.10.0",
        "contentHash": "UR8kgx3Aa7jS2SVAiTHnu9d4nN2T5O/KBODepc2GgqP7NwiJWIpezkfGFjeXIw/S9aBFGuAtSh9nA4l0KUzCtw==",
        "dependencies": {
          "Microsoft.Identity.Web": "3.10.0"
        }
      },
      "Microsoft.VisualStudio.Azure.Containers.Tools.Targets": {
        "type": "Direct",
        "requested": "[1.22.1, )",
        "resolved": "1.22.1",
        "contentHash": "EfYANhAWqmWKoLwN6bxoiPZSOfJSO9lzX+UrU6GVhLhPub1Hd+5f0zL0/tggIA6mRz6Ebw2xCNcIsM4k+7NPng=="
      },
      "AutoMapper": {
        "type": "Transitive",
        "resolved": "14.0.0",
        "contentHash": "OC+1neAPM4oCCqQj3g2GJ2shziNNhOkxmNB9cVS8jtx4JbgmRzLcUOxB9Tsz6cVPHugdkHgCaCrTjjSI0Z5sCQ==",
        "dependencies": {
          "Microsoft.Extensions.Options": "8.0.0"
        }
      },
      "Azure.Core": {
        "type": "Transitive",
        "resolved": "1.44.1",
        "contentHash": "YyznXLQZCregzHvioip07/BkzjuWNXogJEVz9T5W6TwjNr17ax41YGzYMptlo2G10oLCuVPoyva62y0SIRDixg==",
        "dependencies": {
          "Microsoft.Bcl.AsyncInterfaces": "6.0.0",
          "System.ClientModel": "1.1.0",
          "System.Diagnostics.DiagnosticSource": "6.0.1",
          "System.Memory.Data": "6.0.0",
          "System.Numerics.Vectors": "4.5.0",
          "System.Text.Encodings.Web": "6.0.0",
          "System.Text.Json": "6.0.10",
          "System.Threading.Tasks.Extensions": "4.5.4"
        }
      },
      "Azure.Identity": {
        "type": "Transitive",
        "resolved": "1.11.4",
        "contentHash": "Sf4BoE6Q3jTgFkgBkx7qztYOFELBCo+wQgpYDwal/qJ1unBH73ywPztIJKXBXORRzAeNijsuxhk94h0TIMvfYg==",
        "dependencies": {
          "Azure.Core": "1.38.0",
          "Microsoft.Identity.Client": "4.61.3",
          "Microsoft.Identity.Client.Extensions.Msal": "4.61.3",
          "System.Memory": "4.5.4",
          "System.Security.Cryptography.ProtectedData": "4.7.0",
          "System.Text.Json": "4.7.2",
          "System.Threading.Tasks.Extensions": "4.5.4"
        }
      },
      "Azure.Security.KeyVault.Certificates": {
        "type": "Transitive",
        "resolved": "4.6.0",
        "contentHash": "e2ATU/n2ZDL/S8A8EdrcfKEvKc2BojCrrSpmM+JKnrSTQS32x/W0Ldu8utk+epLKwXvSJRSWtlgdo7X8hG1mCg==",
        "dependencies": {
          "Azure.Core": "1.37.0",
          "System.Memory": "4.5.4",
          "System.Text.Json": "4.7.2",
          "System.Threading.Tasks.Extensions": "4.5.4"
        }
      },
      "Azure.Security.KeyVault.Secrets": {
        "type": "Transitive",
        "resolved": "4.6.0",
        "contentHash": "vwPceoznuT6glvirZcXlaCQrh1uzTSxpZUi2hRFNumHiS3hVyqIXI5fgWiLtlBzwqPJMTr0flUoSvGKjXXQlfg==",
        "dependencies": {
          "Azure.Core": "1.37.0",
          "System.Memory": "4.5.4",
          "System.Text.Json": "4.7.2",
          "System.Threading.Tasks.Extensions": "4.5.4"
        }
      },
      "Microsoft.AspNetCore.Authentication.JwtBearer": {
        "type": "Transitive",
        "resolved": "9.0.0",
        "contentHash": "bs+1Pq3vQdS2lTyxNUd9fEhtMsq3eLUpK36k2t56iDMVrk6OrAoFtvrQrTK0Y0OetTcJrUkGU7hBlf+ORzHLqQ==",
        "dependencies": {
          "Microsoft.IdentityModel.Protocols.OpenIdConnect": "8.0.1"
        }
      },
      "Microsoft.AspNetCore.Authentication.OpenIdConnect": {
        "type": "Transitive",
        "resolved": "9.0.0",
        "contentHash": "afrTDM8viZRruJGNkGa0pMhNqgjWBLln3DBPYrQaklOQn+wE9B5ZvOpi7l8l68JEwsBUVKteKyiY1ivPlK6kQw==",
        "dependencies": {
          "Microsoft.IdentityModel.Protocols.OpenIdConnect": "8.0.1"
        }
      },
      "Microsoft.AspNetCore.Authorization": {
        "type": "Transitive",
        "resolved": "9.0.4",
        "contentHash": "QIV3Jk/zb5wsBNkxj4eK4Qoja6f0hO2pUhWrG8NOmgnclA7zbQvzLLKaGnva7/PtglS8VS5HusZfrnnO8FTpSA==",
        "dependencies": {
          "Microsoft.AspNetCore.Metadata": "9.0.4",
          "Microsoft.Extensions.Logging.Abstractions": "9.0.4",
          "Microsoft.Extensions.Options": "9.0.4"
        }
      },
      "Microsoft.AspNetCore.Components": {
        "type": "Transitive",
        "resolved": "9.0.4",
        "contentHash": "imeT4r1PLXqI3kzf7b06Tzj5H4od8o/u4ZE5JgyrlvwABSZlBQzWN8AgT/lPLqs2VJVxNwcAolx+vxLMl9Dn+g==",
        "dependencies": {
          "Microsoft.AspNetCore.Authorization": "9.0.4",
          "Microsoft.AspNetCore.Components.Analyzers": "9.0.4"
        }
      },
      "Microsoft.AspNetCore.Components.Analyzers": {
        "type": "Transitive",
        "resolved": "9.0.4",
        "contentHash": "fPrKrrfT5o0dJZ4AgbGsXBl4YNTlSrRcpYMgLTsrmYo7aOkZrdWPmsxVsFRyelfmCW9qHH7ZZK/4cTC8HuS7BA=="
      },
      "Microsoft.AspNetCore.Components.Forms": {
        "type": "Transitive",
        "resolved": "9.0.4",
        "contentHash": "FvoNIyz5URP2QonItKbDBzCcdmSXHWfyh0lUAYkNittlLmFAqaIF4TE55h3/SYLI8ISsbAVd44Cax86HBhLu8w==",
        "dependencies": {
          "Microsoft.AspNetCore.Components": "9.0.4"
        }
      },
      "Microsoft.AspNetCore.Components.Web": {
        "type": "Transitive",
        "resolved": "9.0.4",
        "contentHash": "X02T/wGvT7vCgIXG0R4ZWQUx5/qMaKuWJklBL3eaa8b1NJHyPlox6IpI4AcmMy7r1hM8GwaxKfm34dv5b7n5VA==",
        "dependencies": {
          "Microsoft.AspNetCore.Components": "9.0.4",
          "Microsoft.AspNetCore.Components.Forms": "9.0.4",
          "Microsoft.Extensions.DependencyInjection": "9.0.4",
          "Microsoft.Extensions.Primitives": "9.0.4",
          "Microsoft.JSInterop": "9.0.4"
        }
      },
      "Microsoft.AspNetCore.Cryptography.Internal": {
        "type": "Transitive",
        "resolved": "9.0.7",
        "contentHash": "5di3GKY/a9ceGAdVk78QFGMO55NrFRN1rnh4xNr7MHjOCOMhgcWkyv9051wkPUDfX+g2cNN6+ckHvNnlxUwc2A=="
      },
      "Microsoft.AspNetCore.DataProtection": {
        "type": "Transitive",
        "resolved": "9.0.7",
        "contentHash": "uN2Wifo9gzwpivoygO2HvLUecLBUbnJslJRNHyHPSQhhoRF6IShg5L/zLVo27McSqWM9HQxO7lNJhwUqRCQIaQ==",
        "dependencies": {
          "Microsoft.AspNetCore.Cryptography.Internal": "9.0.7",
          "Microsoft.AspNetCore.DataProtection.Abstractions": "9.0.7",
          "Microsoft.Extensions.DependencyInjection.Abstractions": "9.0.7",
          "Microsoft.Extensions.Hosting.Abstractions": "9.0.7",
          "Microsoft.Extensions.Logging.Abstractions": "9.0.7",
          "Microsoft.Extensions.Options": "9.0.7",
          "System.Security.Cryptography.Xml": "9.0.7"
        }
      },
      "Microsoft.AspNetCore.DataProtection.Abstractions": {
        "type": "Transitive",
        "resolved": "9.0.7",
        "contentHash": "X7t3R2UOTZrATuIDj4kYbovhDuYtjPe1WOtoJVpd3vcJFv6lsn2ZuI4MvkEqE5oXsUfLlH45oNyxpBYZSqFCjg=="
      },
      "Microsoft.AspNetCore.Metadata": {
        "type": "Transitive",
        "resolved": "9.0.4",
        "contentHash": "3AhnSEW/Zw0E++itsen8YvqT7UoyF7zYD9OZPQmeGpT7YQP4W9GOiwOljfJEC8+4pP8kqgpeRN/p4LkmKLIUlQ=="
      },
      "Microsoft.Bcl.AsyncInterfaces": {
        "type": "Transitive",
        "resolved": "6.0.0",
        "contentHash": "UcSjPsst+DfAdJGVDsu346FX0ci0ah+lw3WRtn18NUwEqRt70HaOQ7lI72vy3+1LxtqI3T5GWwV39rQSrCzAeg=="
      },
      "Microsoft.EntityFrameworkCore": {
        "type": "Transitive",
        "resolved": "9.0.6",
        "contentHash": "r5hzM6Bhw4X3z28l5vmsaCPjk9VsQP4zaaY01THh1SAYjgTMVadYIvpNkCfmrv/Klks6aIf2A9eY7cpGZab/hg==",
        "dependencies": {
          "Microsoft.EntityFrameworkCore.Abstractions": "9.0.6",
          "Microsoft.EntityFrameworkCore.Analyzers": "9.0.6",
          "Microsoft.Extensions.Caching.Memory": "9.0.6",
          "Microsoft.Extensions.Logging": "9.0.6"
        }
      },
      "Microsoft.EntityFrameworkCore.Abstractions": {
        "type": "Transitive",
        "resolved": "9.0.6",
        "contentHash": "7MkhPK8emb8hfOx/mFVvHuIHxQ+mH2YdlK4sFUXgsGlvR0A44vsmd2wcHavZOTTzaKhN+aFUVy3zmkztKmTo+A=="
      },
      "Microsoft.EntityFrameworkCore.Analyzers": {
        "type": "Transitive",
        "resolved": "9.0.6",
        "contentHash": "VKggHNQC5FCn3/vooaIM/4aEjGmrmWm78IrdRLz9lLV0Rm9bVHEr/jiWApDkU0U9ec2xGAilvQqJ5mMX7QC2cw=="
      },
      "Microsoft.Extensions.Caching.Abstractions": {
        "type": "Transitive",
        "resolved": "9.0.7",
        "contentHash": "30necCQehcg9lFkMEIE7HczcoYGML8GUH6jlincA18d896fLZM9wl5tpTPJHgzANQE/6KXRLZSWbgevgg5csSw==",
        "dependencies": {
          "Microsoft.Extensions.Primitives": "9.0.7"
        }
      },
      "Microsoft.Extensions.Caching.Memory": {
        "type": "Transitive",
        "resolved": "9.0.6",
        "contentHash": "qPW2d798tBPZcRmrlaBJqyChf2+0odDdE+0Lxvrr0ywkSNl1oNMK8AKrOfDwyXyjuLCv0ua7p6nrUExCeXhCcg==",
        "dependencies": {
          "Microsoft.Extensions.Caching.Abstractions": "9.0.6",
          "Microsoft.Extensions.DependencyInjection.Abstractions": "9.0.6",
          "Microsoft.Extensions.Logging.Abstractions": "9.0.6",
          "Microsoft.Extensions.Options": "9.0.6",
          "Microsoft.Extensions.Primitives": "9.0.6"
        }
      },
      "Microsoft.Extensions.Configuration": {
        "type": "Transitive",
        "resolved": "9.0.4",
        "contentHash": "KIVBrMbItnCJDd1RF4KEaE8jZwDJcDUJW5zXpbwQ05HNYTK1GveHxHK0B3SjgDJuR48GRACXAO+BLhL8h34S7g==",
        "dependencies": {
          "Microsoft.Extensions.Configuration.Abstractions": "9.0.4",
          "Microsoft.Extensions.Primitives": "9.0.4"
        }
      },
      "Microsoft.Extensions.Configuration.Abstractions": {
        "type": "Transitive",
        "resolved": "9.0.7",
        "contentHash": "lut/kiVvNsQ120VERMUYSFhpXPpKjjql+giy03LesASPBBcC0o6+aoFdzJH9GaYpFTQ3fGVhVjKjvJDoAW5/IQ==",
        "dependencies": {
          "Microsoft.Extensions.Primitives": "9.0.7"
        }
      },
      "Microsoft.Extensions.Configuration.Binder": {
        "type": "Transitive",
        "resolved": "9.0.4",
        "contentHash": "cdrjcl9RIcwt3ECbnpP0Gt1+pkjdW90mq5yFYy8D9qRj2NqFFcv3yDp141iEamsd9E218sGxK8WHaIOcrqgDJg==",
        "dependencies": {
          "Microsoft.Extensions.Configuration.Abstractions": "9.0.4"
        }
      },
      "Microsoft.Extensions.DependencyInjection": {
        "type": "Transitive",
        "resolved": "9.0.6",
        "contentHash": "vS65HMo5RS10DD543fknsyVDxihMcVxVn3/hNaILgBxWYnOLxWIeCIO9X0QFuCvPRNjClvXe9Aj8KaQNx7vFkQ==",
        "dependencies": {
          "Microsoft.Extensions.DependencyInjection.Abstractions": "9.0.6"
        }
      },
      "Microsoft.Extensions.DependencyInjection.Abstractions": {
        "type": "Transitive",
        "resolved": "9.0.7",
        "contentHash": "iPK1FxbGFr2Xb+4Y+dTYI8Gupu9pOi8I3JPuPsrogUmEhe2hzZ9LpCmolMEBhVDo2ikcSr7G5zYiwaapHSQTew=="
      },
      "Microsoft.Extensions.Diagnostics": {
        "type": "Transitive",
        "resolved": "9.0.4",
        "contentHash": "1bCSQrGv9+bpF5MGKF6THbnRFUZqQDrWPA39NDeVW9djeHBmow8kX4SX6/8KkeKI8gmUDG7jsG/bVuNAcY/ATQ==",
        "dependencies": {
          "Microsoft.Extensions.Configuration": "9.0.4",
          "Microsoft.Extensions.Diagnostics.Abstractions": "9.0.4",
          "Microsoft.Extensions.Options.ConfigurationExtensions": "9.0.4"
        }
      },
      "Microsoft.Extensions.Diagnostics.Abstractions": {
        "type": "Transitive",
        "resolved": "9.0.7",
        "contentHash": "d39Ov1JpeWCGLCOTinlaDkujhrSAQ0HFxb7Su1BjhCKBfmDcQ6Ia1i3JI6kd3NFgwi1dexTunu82daDNwt7E6w==",
        "dependencies": {
          "Microsoft.Extensions.DependencyInjection.Abstractions": "9.0.7",
          "Microsoft.Extensions.Options": "9.0.7"
        }
      },
      "Microsoft.Extensions.FileProviders.Abstractions": {
        "type": "Transitive",
        "resolved": "9.0.7",
        "contentHash": "y9djCca1cz/oz/J8jTxtoecNiNvaiGBJeWd7XOPxonH+FnfHqcfslJMcSr5JMinmWFyS7eh3C9L6m6oURZ5lSA==",
        "dependencies": {
          "Microsoft.Extensions.Primitives": "9.0.7"
        }
      },
      "Microsoft.Extensions.Hosting.Abstractions": {
        "type": "Transitive",
        "resolved": "9.0.7",
        "contentHash": "yG2JCXAR+VqI1mKqynLPNJlNlrUJeEISEpX4UznOp2uM4IEFz3pDDauzyMvTjICutEJtOigJ1yWBvxbaIlibBw==",
        "dependencies": {
          "Microsoft.Extensions.Configuration.Abstractions": "9.0.7",
          "Microsoft.Extensions.DependencyInjection.Abstractions": "9.0.7",
          "Microsoft.Extensions.Diagnostics.Abstractions": "9.0.7",
          "Microsoft.Extensions.FileProviders.Abstractions": "9.0.7",
          "Microsoft.Extensions.Logging.Abstractions": "9.0.7"
        }
      },
      "Microsoft.Extensions.Http": {
        "type": "Transitive",
        "resolved": "9.0.4",
        "contentHash": "ezelU6HJgmq4862YoWuEbHGSV+JnfnonTSbNSJVh6n6wDehyiJn4hBtcK7rGbf2KO3QeSvK5y8E7uzn1oaRH5w==",
        "dependencies": {
          "Microsoft.Extensions.Configuration.Abstractions": "9.0.4",
          "Microsoft.Extensions.DependencyInjection.Abstractions": "9.0.4",
          "Microsoft.Extensions.Diagnostics": "9.0.4",
          "Microsoft.Extensions.Logging": "9.0.4",
          "Microsoft.Extensions.Logging.Abstractions": "9.0.4",
          "Microsoft.Extensions.Options": "9.0.4"
        }
      },
      "Microsoft.Extensions.Localization.Abstractions": {
        "type": "Transitive",
        "resolved": "9.0.7",
        "contentHash": "1uUDXR3qm0YgX64P+vC4flePcJaIWzRdsKhWyvuAsHi/nX/8n5MR36bY97JQhy4vCKgAJdBDuaNGZH0kPLS84A=="
      },
      "Microsoft.Extensions.Logging": {
        "type": "Transitive",
        "resolved": "9.0.6",
        "contentHash": "XBzjitTFaQhF8EbJ645vblZezV1p52ePTxKHoVkRidHF11Xkjxg94qr0Rvp2qyxK2vBJ4OIZ41NB15YUyxTGMQ==",
        "dependencies": {
          "Microsoft.Extensions.DependencyInjection": "9.0.6",
          "Microsoft.Extensions.Logging.Abstractions": "9.0.6",
          "Microsoft.Extensions.Options": "9.0.6"
        }
      },
      "Microsoft.Extensions.Logging.Abstractions": {
        "type": "Transitive",
        "resolved": "9.0.7",
        "contentHash": "sMM6NEAdUTE/elJ2wqjOi0iBWqZmSyaTByLF9e8XHv6DRJFFnOe0N+s8Uc6C91E4SboQCfLswaBIZ+9ZXA98AA==",
        "dependencies": {
          "Microsoft.Extensions.DependencyInjection.Abstractions": "9.0.7"
        }
      },
      "Microsoft.Extensions.Options": {
        "type": "Transitive",
        "resolved": "9.0.7",
        "contentHash": "trJnF6cRWgR5uMmHpGoHmM1wOVFdIYlELlkO9zX+RfieK0321Y55zrcs4AaEymKup7dxgEN/uJU25CAcMNQRXw==",
        "dependencies": {
          "Microsoft.Extensions.DependencyInjection.Abstractions": "9.0.7",
          "Microsoft.Extensions.Primitives": "9.0.7"
        }
      },
      "Microsoft.Extensions.Options.ConfigurationExtensions": {
        "type": "Transitive",
        "resolved": "9.0.4",
        "contentHash": "aridVhAT3Ep+vsirR1pzjaOw0Jwiob6dc73VFQn2XmDfBA2X98M8YKO1GarvsXRX7gX1Aj+hj2ijMzrMHDOm0A==",
        "dependencies": {
          "Microsoft.Extensions.Configuration.Abstractions": "9.0.4",
          "Microsoft.Extensions.Configuration.Binder": "9.0.4",
          "Microsoft.Extensions.DependencyInjection.Abstractions": "9.0.4",
          "Microsoft.Extensions.Options": "9.0.4",
          "Microsoft.Extensions.Primitives": "9.0.4"
        }
      },
      "Microsoft.Extensions.Primitives": {
        "type": "Transitive",
        "resolved": "9.0.7",
        "contentHash": "ti/zD9BuuO50IqlvhWQs9GHxkCmoph5BHjGiWKdg2t6Or8XoyAfRJiKag+uvd/fpASnNklfsB01WpZ4fhAe0VQ=="
      },
      "Microsoft.FluentUI.AspNetCore.Components": {
        "type": "Transitive",
        "resolved": "4.11.9",
        "contentHash": "aXLNzO/AaXy4+8T84fN9EZcZn7ai+/8KApFaMSjPkAVJyedY4RLaPjgj4r1mqoq9GI7uJlFg91W6k6z3euVsEg==",
        "dependencies": {
          "Microsoft.AspNetCore.Components.Web": "9.0.4",
          "Microsoft.Extensions.Configuration.Abstractions": "9.0.4",
          "Microsoft.Extensions.Hosting.Abstractions": "9.0.4",
          "Microsoft.Extensions.Http": "9.0.4"
        }
      },
      "Microsoft.Graph.Core": {
        "type": "Transitive",
        "resolved": "3.2.4",
        "contentHash": "0kBbgRiWUrrc7Um0oDcXl9t8Hxzgoz9SddErRDhqdDm4TWDlT8ItYuIfjwoFPHO1O51kwkDtTxzDRwZThbW5Uw==",
        "dependencies": {
          "Microsoft.IdentityModel.Protocols.OpenIdConnect": "8.6.1",
          "Microsoft.IdentityModel.Validators": "8.6.1",
          "Microsoft.Kiota.Abstractions": "1.17.1",
          "Microsoft.Kiota.Authentication.Azure": "1.17.1",
          "Microsoft.Kiota.Http.HttpClientLibrary": "1.17.1",
          "Microsoft.Kiota.Serialization.Form": "1.17.1",
          "Microsoft.Kiota.Serialization.Json": "1.17.1",
          "Microsoft.Kiota.Serialization.Multipart": "1.17.1",
          "Microsoft.Kiota.Serialization.Text": "1.17.1"
        }
      },
      "Microsoft.Identity.Abstractions": {
        "type": "Transitive",
        "resolved": "9.2.0",
        "contentHash": "4WEFd4c5NgrABIhb+z6wtM8JOHm8Sqf6XyjXjk/j9OyTVsehNsnoB3bbDtK1/B6oc/ZpbF6ShFjH2WdsZJgqPg=="
      },
      "Microsoft.Identity.Client": {
        "type": "Transitive",
        "resolved": "4.73.1",
        "contentHash": "NnDLS8QwYqO5ZZecL2oioi1LUqjh5Ewk4bMLzbgiXJbQmZhDLtKwLxL3DpGMlQAJ2G4KgEnvGPKa+OOgffeJbw==",
        "dependencies": {
          "Microsoft.IdentityModel.Abstractions": "6.35.0",
          "System.Diagnostics.DiagnosticSource": "6.0.1"
        }
      },
      "Microsoft.Identity.Client.Extensions.Msal": {
        "type": "Transitive",
        "resolved": "4.61.3",
        "contentHash": "PWnJcznrSGr25MN8ajlc2XIDW4zCFu0U6FkpaNLEWLgd1NgFCp5uDY3mqLDgM8zCN8hqj8yo5wHYfLB2HjcdGw==",
        "dependencies": {
          "Microsoft.Identity.Client": "4.61.3",
          "System.Security.Cryptography.ProtectedData": "4.5.0"
        }
      },
      "Microsoft.Identity.Web": {
        "type": "Transitive",
        "resolved": "3.10.0",
        "contentHash": "uzwPmvSfNVdGSAgcVtH7n+BHchO8D+OeHlJodN19C5oPw0M7Vt4C+uqB96+jVPmktXAfMalf2+Gm6adEbBfhXA==",
        "dependencies": {
          "Microsoft.Identity.Web.Certificate": "3.10.0",
          "Microsoft.Identity.Web.Certificateless": "3.10.0",
          "Microsoft.Identity.Web.TokenAcquisition": "3.10.0",
          "Microsoft.Identity.Web.TokenCache": "3.10.0",
          "Microsoft.IdentityModel.Protocols.OpenIdConnect": "8.12.1",
          "Microsoft.IdentityModel.Validators": "8.12.1",
          "System.Formats.Asn1": "9.0.0",
          "System.IdentityModel.Tokens.Jwt": "8.12.1"
        }
      },
      "Microsoft.Identity.Web.Certificate": {
        "type": "Transitive",
        "resolved": "3.10.0",
        "contentHash": "09HTHdzlwNFf7Hu1uChWa0Y8iX9tOrjGJnJjmH6U8NQNp65Wsx+o2O7nOPGq8Va6WIvCgQ61mSF3r0AbO0LMcQ==",
        "dependencies": {
          "Azure.Identity": "1.11.4",
          "Azure.Security.KeyVault.Certificates": "4.6.0",
          "Azure.Security.KeyVault.Secrets": "4.6.0",
          "Microsoft.Extensions.Logging.Abstractions": "9.0.0",
          "Microsoft.Identity.Abstractions": "9.2.0",
          "Microsoft.Identity.Web.Certificateless": "3.10.0",
          "Microsoft.Identity.Web.Diagnostics": "3.10.0"
        }
      },
      "Microsoft.Identity.Web.Certificateless": {
        "type": "Transitive",
        "resolved": "3.10.0",
        "contentHash": "55AAJyT0v9f+/Qo5LI54oN09PBumkkjIu6HWkHy6yp2TC7LajmvNzwahyfy38X41ahw+ZcjxuyV/tMhpKqKsMQ==",
        "dependencies": {
          "Microsoft.Extensions.Logging.Abstractions": "2.1.0",
          "Microsoft.Identity.Client": "4.73.1",
          "Microsoft.IdentityModel.JsonWebTokens": "8.12.1",
          "System.Text.Json": "8.0.5"
        }
      },
      "Microsoft.Identity.Web.Diagnostics": {
        "type": "Transitive",
        "resolved": "3.10.0",
        "contentHash": "vg2q87VHhoWN6iotNpEKTPUWWS8XfApU2Hx9d/+RB8KdB8b4tU81RqXpQUUioOjPaVTSzZ1NDmbNSsXSNR5cnw=="
      },
      "Microsoft.Identity.Web.TokenAcquisition": {
        "type": "Transitive",
        "resolved": "3.10.0",
        "contentHash": "+lCa2rDXSjVEw1EotVKd9QIJWmckG/9unDoIvDeP/3+nqWFymIHPE24N38MtlM/RO8RhDLsWeMPUGXZVDbEnaQ==",
        "dependencies": {
          "Microsoft.AspNetCore.Authentication.JwtBearer": "9.0.0",
          "Microsoft.AspNetCore.Authentication.OpenIdConnect": "9.0.0",
          "Microsoft.Extensions.Options.ConfigurationExtensions": "9.0.0",
          "Microsoft.Identity.Abstractions": "9.2.0",
          "Microsoft.Identity.Web.Certificate": "3.10.0",
          "Microsoft.Identity.Web.Certificateless": "3.10.0",
          "Microsoft.Identity.Web.TokenCache": "3.10.0",
          "Microsoft.IdentityModel.Logging": "8.12.1",
          "Microsoft.IdentityModel.LoggingExtensions": "8.12.1",
          "Microsoft.IdentityModel.Protocols.OpenIdConnect": "8.12.1",
          "System.IdentityModel.Tokens.Jwt": "8.12.1"
        }
      },
      "Microsoft.Identity.Web.TokenCache": {
        "type": "Transitive",
        "resolved": "3.10.0",
        "contentHash": "CiTCUCY472abHCNz8Zab8jBhIG2aM/pUYw4BmMgFzejZIpEoKiiiN+TVfKkKo6DNzOkODA9MVCBMaaIO3oqTBQ==",
        "dependencies": {
          "Microsoft.AspNetCore.DataProtection": "9.0.0",
          "Microsoft.Extensions.Caching.Memory": "9.0.0",
          "Microsoft.Extensions.Logging": "9.0.0",
          "Microsoft.Identity.Client": "4.73.1",
          "Microsoft.Identity.Web.Diagnostics": "3.10.0",
          "System.Formats.Asn1": "9.0.0",
          "System.Security.Cryptography.Pkcs": "9.0.0",
          "System.Security.Cryptography.Xml": "9.0.0"
        }
      },
      "Microsoft.IdentityModel.Abstractions": {
        "type": "Transitive",
        "resolved": "8.12.1",
        "contentHash": "JzWhET0VOCORyJbqDc1Wtdl8Q/l+I1MjFB0I/Jko+Ma691JZll8X6o9XwZtUce8FkqGuV4uY4/V1808XZOpDVg=="
      },
      "Microsoft.IdentityModel.JsonWebTokens": {
        "type": "Transitive",
        "resolved": "8.12.1",
        "contentHash": "imi3xiRLzzKxN4m1aR9Z2X8GUmNsVH7GLA6AkwYStNnh3UzupFtHEEVk3GK1fCvnYdRbpnCGNYY6WQb9AfDAKg==",
        "dependencies": {
          "Microsoft.IdentityModel.Tokens": "8.12.1"
        }
      },
      "Microsoft.IdentityModel.Logging": {
        "type": "Transitive",
        "resolved": "8.12.1",
        "contentHash": "39HjVkU7Voe2jRLmORRB5PoTmta1ZPKzUZCc6ldlNlLzdx+um0+fAnvfk05LUQPrNxpvb5ZoqF00SrNvyO2Fzg==",
        "dependencies": {
          "Microsoft.IdentityModel.Abstractions": "8.12.1"
        }
      },
      "Microsoft.IdentityModel.LoggingExtensions": {
        "type": "Transitive",
        "resolved": "8.12.1",
        "contentHash": "ac9Iz1ybs7A5AHnrXrOtcObRo0ZmVmQBti9XHMSVLz9WN62fd9R1UsliD9qqoUxX5og/aylpid9d4W9J22Ti2w==",
        "dependencies": {
          "Microsoft.Extensions.Logging.Abstractions": "2.1.1",
          "Microsoft.IdentityModel.Abstractions": "8.12.1"
        }
      },
      "Microsoft.IdentityModel.Protocols": {
        "type": "Transitive",
        "resolved": "8.12.1",
        "contentHash": "+M1H++iZUISH76R0SEthCcYtMtX1HHL3Urhs8bprGl89eCVuJ/oYfyEqfgQZSF8ct7sDeOIFFeDtRi6hMJzYVw==",
        "dependencies": {
          "Microsoft.IdentityModel.Tokens": "8.12.1"
        }
      },
      "Microsoft.IdentityModel.Protocols.OpenIdConnect": {
        "type": "Transitive",
        "resolved": "8.12.1",
        "contentHash": "zw/suf3JPTfdLBHcymlUWONhZ1o/wU/OYcBmnluaTU7ziZylHPQIXxoF0byJcRUFtxhLz9KfeyaadQi7lpzJGA==",
        "dependencies": {
          "Microsoft.IdentityModel.Protocols": "8.12.1",
          "System.IdentityModel.Tokens.Jwt": "8.12.1"
        }
      },
      "Microsoft.IdentityModel.Tokens": {
        "type": "Transitive",
        "resolved": "8.12.1",
        "contentHash": "DzgPEABn3eZmIk4lhov0QPcoHkIbnAfgkyDPM7uGuWDHeockR9DdqNCD9Zy30hPfExu5VhbOXn9oPRi+tFUhEQ==",
        "dependencies": {
          "Microsoft.Extensions.Logging.Abstractions": "8.0.0",
          "Microsoft.IdentityModel.Logging": "8.12.1"
        }
      },
      "Microsoft.IdentityModel.Validators": {
        "type": "Transitive",
        "resolved": "8.12.1",
        "contentHash": "tJIJfTL1ShyN165ZD5MrUkeO7IepREaREjEmjuVNIB8eDEEd/ZsDLWPeg4PyQWhabc+UW8Rao2o1ai5aVgELPQ==",
        "dependencies": {
          "Microsoft.IdentityModel.Protocols": "8.12.1",
          "Microsoft.IdentityModel.Protocols.OpenIdConnect": "8.12.1",
          "Microsoft.IdentityModel.Tokens": "8.12.1",
          "System.IdentityModel.Tokens.Jwt": "8.12.1"
        }
      },
      "Microsoft.JSInterop": {
        "type": "Transitive",
        "resolved": "9.0.4",
        "contentHash": "iuzwm79XoRYTRhf7cOHgMgGAE8ZsAcCGp2VsIDAV05qRzceKSE1S7tQp+8GTzG7+IZpdPpvfaJUwSD/pYIog5A=="
      },
      "Microsoft.Kiota.Abstractions": {
        "type": "Transitive",
        "resolved": "1.17.1",
        "contentHash": "nznpJUkC8F0iwZBael68nIS90g0wKgipJsLwarknd8hsGom0nJhyogZvIJUIzRWfNNSp0JhsxRYEW0WhvmppKw==",
        "dependencies": {
          "Std.UriTemplate": "2.0.1"
        }
      },
      "Microsoft.Kiota.Authentication.Azure": {
        "type": "Transitive",
        "resolved": "1.17.1",
        "contentHash": "BkzhCChAH+IOfH7NnB86ynvRqPfHRDdxQw1XJ/ShwsG66A9dRLJ/T4K+d+U5l4EiaCllgXDN6+TUEc5KXMgOgw==",
        "dependencies": {
          "Azure.Core": "1.44.1",
          "Microsoft.Kiota.Abstractions": "1.17.1"
        }
      },
      "Microsoft.Kiota.Http.HttpClientLibrary": {
        "type": "Transitive",
        "resolved": "1.17.1",
        "contentHash": "7cSZoEJ8G9YT3UxCILASZIB0GbmVnO3jdLDAMgMeU4O/SNemKtgA58pvKYJVrIZnJ9Up/mflQZFkGrSCOij4WQ==",
        "dependencies": {
          "Microsoft.Kiota.Abstractions": "1.17.1"
        }
      },
      "Microsoft.Kiota.Serialization.Form": {
        "type": "Transitive",
        "resolved": "1.17.1",
        "contentHash": "L35vwCSp01r7FoRunmSrKVfGnDBx1+3kcRnSMdleukRIAEeldnrNrjcitqVNSXhCqqnsVIT//B5dBvOCcZFCcA==",
        "dependencies": {
          "Microsoft.Kiota.Abstractions": "1.17.1"
        }
      },
      "Microsoft.Kiota.Serialization.Json": {
        "type": "Transitive",
        "resolved": "1.17.1",
        "contentHash": "EIUiZDVi1XS83k8ybtHMZr7NzHTtiIVGGIif6hiQV2CUEEhTQKxK/eggwajw8+CRfSPrs7ksvKNJleQnAIecHA==",
        "dependencies": {
          "Microsoft.Kiota.Abstractions": "1.17.1"
        }
      },
      "Microsoft.Kiota.Serialization.Multipart": {
        "type": "Transitive",
        "resolved": "1.17.1",
        "contentHash": "bbWg8iQrxBqPVRHfZnNuo1x9oHiRJJfRreTsAb9aO8ViO46wtB7niMgCWt69XG9iQdzAy9pKF8Quho14bNOAmg==",
        "dependencies": {
          "Microsoft.Kiota.Abstractions": "1.17.1"
        }
      },
      "Microsoft.Kiota.Serialization.Text": {
        "type": "Transitive",
        "resolved": "1.17.1",
        "contentHash": "dx1kIbBt21DqRt1tTPt3XkC8doEY1xFf+amPmPedCOM6X8IqdVs8xHymE/66aSWr5alufhEebu/bDxpR90M7mQ==",
        "dependencies": {
          "Microsoft.Kiota.Abstractions": "1.17.1"
        }
      },
      "Newtonsoft.Json": {
        "type": "Transitive",
        "resolved": "13.0.3",
        "contentHash": "HrC5BXdl00IP9zeV+0Z848QWPAoCr9P3bDEZguI+gkLcBKAOxix/tLEAAHC+UvDNPv4a2d18lOReHMOagPa+zQ=="
      },
      "Pipelines.Sockets.Unofficial": {
        "type": "Transitive",
        "resolved": "2.2.8",
        "contentHash": "zG2FApP5zxSx6OcdJQLbZDk2AVlN2BNQD6MorwIfV6gVj0RRxWPEp2LXAxqDGZqeNV1Zp0BNPcNaey/GXmTdvQ==",
        "dependencies": {
          "System.IO.Pipelines": "5.0.1"
        }
      },
      "StackExchange.Redis": {
        "type": "Transitive",
        "resolved": "2.7.27",
        "contentHash": "Uqc2OQHglqj9/FfGQ6RkKFkZfHySfZlfmbCl+hc+u2I/IqunfelQ7QJi7ZhvAJxUtu80pildVX6NPLdDaUffOw==",
        "dependencies": {
          "Microsoft.Extensions.Logging.Abstractions": "6.0.0",
          "Pipelines.Sockets.Unofficial": "2.2.8"
        }
      },
      "Std.UriTemplate": {
        "type": "Transitive",
        "resolved": "2.0.1",
        "contentHash": "Ix5VXZwLfolwVHyGTSSJl6KIJ2le6E9YjLdZBMS1Xxzw7VJankRvQW8JoUL69tEgfcw+0qjgWrlxANrhvS0QCQ=="
      },
      "System.ClientModel": {
        "type": "Transitive",
        "resolved": "1.1.0",
        "contentHash": "UocOlCkxLZrG2CKMAAImPcldJTxeesHnHGHwhJ0pNlZEvEXcWKuQvVOER2/NiOkJGRJk978SNdw3j6/7O9H1lg==",
        "dependencies": {
          "System.Memory.Data": "1.0.2",
          "System.Text.Json": "6.0.9"
        }
      },
      "System.Diagnostics.DiagnosticSource": {
        "type": "Transitive",
        "resolved": "6.0.1",
        "contentHash": "KiLYDu2k2J82Q9BJpWiuQqCkFjRBWVq4jDzKKWawVi9KWzyD0XG3cmfX0vqTQlL14Wi9EufJrbL0+KCLTbqWiQ==",
        "dependencies": {
          "System.Runtime.CompilerServices.Unsafe": "6.0.0"
        }
      },
      "System.Formats.Asn1": {
        "type": "Transitive",
        "resolved": "9.0.0",
        "contentHash": "VRDjgfqV0hCma5HBQa46nZTRuqfYMWZClwxUtvLJVTCeDp9Esdvr91AfEWP98IMO8ooSv1yXb6/oCc6jApoXvQ=="
      },
      "System.IdentityModel.Tokens.Jwt": {
        "type": "Transitive",
        "resolved": "8.12.1",
        "contentHash": "jlYdVOJrdeyD80ppEqKJ8BhJdrV3MjeA+seURdhC0DnD41GyUA9Ik+P7Sb571ufVVCYIx93GjeqVvY3QyQxZAA==",
        "dependencies": {
          "Microsoft.IdentityModel.JsonWebTokens": "8.12.1",
          "Microsoft.IdentityModel.Tokens": "8.12.1"
        }
      },
      "System.IO.Pipelines": {
        "type": "Transitive",
        "resolved": "5.0.1",
        "contentHash": "qEePWsaq9LoEEIqhbGe6D5J8c9IqQOUuTzzV6wn1POlfdLkJliZY3OlB0j0f17uMWlqZYjH7txj+2YbyrIA8Yg=="
      },
      "System.Memory": {
        "type": "Transitive",
        "resolved": "4.5.4",
        "contentHash": "1MbJTHS1lZ4bS4FmsJjnuGJOu88ZzTT2rLvrhW7Ygic+pC0NWA+3hgAen0HRdsocuQXCkUTdFn9yHJJhsijDXw=="
      },
      "System.Memory.Data": {
        "type": "Transitive",
        "resolved": "6.0.0",
        "contentHash": "ntFHArH3I4Lpjf5m4DCXQHJuGwWPNVJPaAvM95Jy/u+2Yzt2ryiyIN04LAogkjP9DeRcEOiviAjQotfmPq/FrQ==",
        "dependencies": {
          "System.Text.Json": "6.0.0"
        }
      },
      "System.Numerics.Vectors": {
        "type": "Transitive",
        "resolved": "4.5.0",
        "contentHash": "QQTlPTl06J/iiDbJCiepZ4H//BVraReU4O4EoRw1U02H5TLUIT7xn3GnDp9AXPSlJUDyFs4uWjWafNX6WrAojQ=="
      },
      "System.Runtime.CompilerServices.Unsafe": {
        "type": "Transitive",
        "resolved": "6.0.0",
        "contentHash": "/iUeP3tq1S0XdNNoMz5C9twLSrM/TH+qElHkXWaPvuNOt+99G75NrV0OS2EqHx5wMN7popYjpc8oTjC1y16DLg=="
      },
      "System.Security.Cryptography.Pkcs": {
        "type": "Transitive",
        "resolved": "9.0.7",
        "contentHash": "6LROjtkO4UCv0MVnnR8Z6FwnRryT+Sz5dz8ZefZG6/yz1kQGaVUd6gAdXZtqNPORQwuXFrNGTWvi7f8hWRkiyg=="
      },
      "System.Security.Cryptography.ProtectedData": {
        "type": "Transitive",
        "resolved": "4.7.0",
        "contentHash": "ehYW0m9ptxpGWvE4zgqongBVWpSDU/JCFD4K7krxkQwSz/sFQjEXCUqpvencjy6DYDbn7Ig09R8GFffu8TtneQ=="
      },
      "System.Security.Cryptography.Xml": {
        "type": "Transitive",
        "resolved": "9.0.7",
        "contentHash": "xHcfATHdJTB7lKYiQZ6yn4y9QKV4pD19j3Ws2fACPR9QCrE3qtOTedYfNkp2ghaUm2GZZgicJv/rQbiWQeNnMw==",
        "dependencies": {
          "System.Security.Cryptography.Pkcs": "9.0.7"
        }
      },
      "System.Text.Encodings.Web": {
        "type": "Transitive",
        "resolved": "6.0.0",
        "contentHash": "Vg8eB5Tawm1IFqj4TVK1czJX89rhFxJo9ELqc/Eiq0eXy13RK00eubyU6TJE6y+GQXjyV5gSfiewDUZjQgSE0w==",
        "dependencies": {
          "System.Runtime.CompilerServices.Unsafe": "6.0.0"
        }
      },
      "System.Text.Json": {
        "type": "Transitive",
        "resolved": "8.0.5",
        "contentHash": "0f1B50Ss7rqxXiaBJyzUu9bWFOO2/zSlifZ/UNMdiIpDYe4cY4LQQicP4nirK1OS31I43rn062UIJ1Q9bpmHpg=="
      },
      "System.Threading.Tasks.Extensions": {
        "type": "Transitive",
        "resolved": "4.5.4",
        "contentHash": "zteT+G8xuGu6mS+mzDzYXbzS7rd3K6Fjb9RiZlYlJPam2/hU7JCBZBVEcywNuR+oZ1ncTvc/cq0faRr3P01OVg=="
      },
      "adatickets.client": {
        "type": "Project",
        "dependencies": {
          "Microsoft.Identity.Web.DownstreamApi": "[3.10.0, )"
        }
      },
      "adatickets.shared": {
        "type": "Project",
        "dependencies": {
          "AutoMapper": "[14.0.0, )",
          "Microsoft.EntityFrameworkCore": "[9.0.6, )",
          "Newtonsoft.Json": "[13.0.3, )"
        }
      }
    }
  }
}