{
  "version": 1,
  "dependencies": {
    "net9.0": {
      "Avalonia": {
        "type": "Direct",
        "requested": "[11.3.0, )",
        "resolved": "11.3.0",
        "contentHash": "/j8J0QcekWFBl+DE/4g8WeSGwUK11auhh5d1o5pfOgi5gMrG6V9QdTsPv0ZCDL73c7dJwwL1BZn1WrhE11I76g==",
        "dependencies": {
          "Avalonia.BuildServices": "0.0.31",
          "Avalonia.Remote.Protocol": "11.3.0",
          "MicroCom.Runtime": "0.11.0"
        }
      },
      "Avalonia.Diagnostics": {
        "type": "Direct",
        "requested": "[11.3.0, )",
        "resolved": "11.3.0",
        "contentHash": "P152VhCexkrvTLRiRj7mSzUSMGKwTEsbz/XWTogV/33vGVWeCC8tStf/c8YsRrU5kSITtKeCV52UOh4m46hTfA==",
        "dependencies": {
          "Avalonia": "11.3.0",
          "Avalonia.Controls.ColorPicker": "11.3.0",
          "Avalonia.Themes.Simple": "11.3.0"
        }
      },
      "Avalonia.Fonts.Inter": {
        "type": "Direct",
        "requested": "[11.3.0, )",
        "resolved": "11.3.0",
        "contentHash": "1PXi6Ehk5LwZBBkgSXmxsB5iW4UVSLyS3t39it1uB5bGIhagiDMh1RK4kuiZive7f6NRDfRSDCmpsqRKNDGvLg==",
        "dependencies": {
          "Avalonia": "11.3.0"
        }
      },
      "Avalonia.ReactiveUI": {
        "type": "Direct",
        "requested": "[11.3.0, )",
        "resolved": "11.3.0",
        "contentHash": "C8MNZlEV5Pu0Kp9U0uaOUW2dVXV6lbIEe1shlBkwizsgi48CaRvsP7VZNPjZ/KkIM7/RVTQhSJcEdFCSjdR4nQ==",
        "dependencies": {
          "Avalonia": "11.3.0",
          "ReactiveUI": "20.1.1",
          "System.Reactive": "6.0.1"
        }
      },
      "Avalonia.Themes.Fluent": {
        "type": "Direct",
        "requested": "[11.3.0, )",
        "resolved": "11.3.0",
        "contentHash": "tRcR0xKhpnHikIhtiE1vchuNHD/hvqLtto9yKmw73eZyhsyQMCncCu3GGfWTCCHOxJfawdMUCfUWo8COqmgLZw==",
        "dependencies": {
          "Avalonia": "11.3.0"
        }
      },
      "Docker.DotNet": {
        "type": "Direct",
        "requested": "[3.125.15, )",
        "resolved": "3.125.15",
        "contentHash": "XN8FKxVv8Mjmwu104/Hl9lM61pLY675s70gzwSj8KR5pwblo8HfWLcCuinh9kYsqujBkMH4HVRCEcRuU6al4BQ==",
        "dependencies": {
          "Newtonsoft.Json": "13.0.1",
          "System.Buffers": "4.5.1",
          "System.Threading.Tasks.Extensions": "4.5.4"
        }
      },
      "Avalonia.BuildServices": {
        "type": "Transitive",
        "resolved": "0.0.31",
        "contentHash": "KmCN6Hc+45q4OnF10ge450yVUvWuxU6bdQiyKqiSvrHKpahNrEdk0kG6Ip6GHk2SKOCttGQuA206JVdkldEENg=="
      },
      "Avalonia.Controls.ColorPicker": {
        "type": "Transitive",
        "resolved": "11.3.0",
        "contentHash": "MqwZPVdBiDc0h6DHVG5Igb+bd+3o7IOM9nbHgNPlJn38xG0jQb+YqqRcvnt/KnD5FBEaXZcGmiW3rqU9ydXvlg==",
        "dependencies": {
          "Avalonia": "11.3.0",
          "Avalonia.Remote.Protocol": "11.3.0"
        }
      },
      "Avalonia.Remote.Protocol": {
        "type": "Transitive",
        "resolved": "11.3.0",
        "contentHash": "noH0+YgFsXshhDnEcBATw5EULNiTYv4gznE2OnSPDvU5K9/COVs6W3ZWlYY1lwY+w4x1IGueMux7dcw0TbjEzA=="
      },
      "Avalonia.Themes.Simple": {
        "type": "Transitive",
        "resolved": "11.3.0",
        "contentHash": "pGurEpish9NS89iiBLbvIlN+DJ5hGaW1ABxcIl6XL9M/WcvUPtLznxoI0dbW2zw8OLDSsvowbsvQLdyknEvmhA==",
        "dependencies": {
          "Avalonia": "11.3.0"
        }
      },
      "DynamicData": {
        "type": "Transitive",
        "resolved": "8.4.1",
        "contentHash": "Mn1+fU/jqxgONEJq8KLQPGWEi7g/hUVTbjZyn4QM0sWWDAVOHPO9WjXWORSykwdfg/6S3GM15qsfz+2EvO+QAQ==",
        "dependencies": {
          "System.Reactive": "6.0.0"
        }
      },
      "MicroCom.Runtime": {
        "type": "Transitive",
        "resolved": "0.11.0",
        "contentHash": "MEnrZ3UIiH40hjzMDsxrTyi8dtqB5ziv3iBeeU4bXsL/7NLSal9F1lZKpK+tfBRnUoDSdtcW3KufE4yhATOMCA=="
      },
      "Newtonsoft.Json": {
        "type": "Transitive",
        "resolved": "13.0.1",
        "contentHash": "ppPFpBcvxdsfUonNcvITKqLl3bqxWbDCZIzDWHzjpdAHRFfZe0Dw9HmA0+za13IdyrgJwpkDTDA9fHaxOrt20A=="
      },
      "ReactiveUI": {
        "type": "Transitive",
        "resolved": "20.1.1",
        "contentHash": "9hNPknWjijnaSWs6auypoXqUptPZcRpUypF+cf1zD50fgW+SEoQda502N3fVZ2eWPcaiUad+z6GaLwOWmUVHNw==",
        "dependencies": {
          "DynamicData": "8.4.1",
          "Splat": "15.1.1",
          "System.ComponentModel.Annotations": "5.0.0"
        }
      },
      "Splat": {
        "type": "Transitive",
        "resolved": "15.1.1",
        "contentHash": "RHDTdF90FwVbRia2cmuIzkiVoETqnXSB2dDBBi/I35HWXqv4OKGqoMcfcd6obMvO2OmmY5PjU1M62K8LkJafAA=="
      },
      "System.Buffers": {
        "type": "Transitive",
        "resolved": "4.5.1",
        "contentHash": "Rw7ijyl1qqRS0YQD/WycNst8hUUMgrMH4FCn1nNm27M4VxchZ1js3fVjQaANHO5f3sN4isvP4a+Met9Y4YomAg=="
      },
      "System.ComponentModel.Annotations": {
        "type": "Transitive",
        "resolved": "5.0.0",
        "contentHash": "dMkqfy2el8A8/I76n2Hi1oBFEbG1SfxD2l5nhwXV3XjlnOmwxJlQbYpJH4W51odnU9sARCSAgv7S3CyAFMkpYg=="
      },
      "System.Reactive": {
        "type": "Transitive",
        "resolved": "6.0.1",
        "contentHash": "rHaWtKDwCi9qJ3ObKo8LHPMuuwv33YbmQi7TcUK1C264V3MFnOr5Im7QgCTdLniztP3GJyeiSg5x8NqYJFqRmg=="
      },
      "System.Threading.Tasks.Extensions": {
        "type": "Transitive",
        "resolved": "4.5.4",
        "contentHash": "zteT+G8xuGu6mS+mzDzYXbzS7rd3K6Fjb9RiZlYlJPam2/hU7JCBZBVEcywNuR+oZ1ncTvc/cq0faRr3P01OVg=="
      }
    }
  }
}